# Upstream source identity
NYM_VERSION=2026.11.2
NYM_RELEASE=1
NYM_TAG=nym-vpn-v2026.11.2
NYM_COMMIT=cd8606d29d25416ed67a93d718c44ff65356ddfc
NYM_SOURCE_URL=https://github.com/nymtech/nym-vpn-client/archive/refs/tags/nym-vpn-v2026.11.2.tar.gz
NYM_SOURCE_ARCHIVE=nym-vpn-v2026.11.2.tar.gz
NYM_SOURCE_SHA256=6d999fce5a83027aaccc71880f12a61ed2b74be6a38d70f0c0258d317c608463

# Toolchains required by the upstream tag
RUST_VERSION=1.95.0
GO_VERSION=1.24.4
GO_LINUX_AMD64_SHA256=77e5da33bb72aeaef1ba4418b6fe511bc4d041873cbf82e5aa6318740df98717
GO_LINUX_ARM64_SHA256=d5501ee5aca0f258d5fe9bfaed401958445014495dc115f202d43d5210b45241
NODE_VERSION=24.18.0
NODE_LINUX_X64_SHA256=55aa7153f9d88f28d765fcdad5ae6945b5c0f98a36881703817e4c450fa76742
NODE_LINUX_ARM64_SHA256=58c9520501f6ae2b52d5b210444e24b9d0c029a58c5011b797bc1fe7105886f6
PROTOC_VERSION=21.12
PROTOC_LINUX_X86_64_SHA256=3a4c1e5f2516c639d3079b1586e703fc7bcfa2136d58bda24d1d54f949c315e8
PROTOC_LINUX_AARCH_64_SHA256=2dd17f75d66a682640b136e31848da9fb2eefe68d55303baf8b32617374f6711
