// !$*UTF8*$!
{
	archiveVersion = 1;
	classes = {
	};
	objectVersion = 56;
	objects = {

/* Begin PBXBuildFile section */
		582C5F8E2C7654A800B678AE /* ConfigurationManager in Frameworks */ = {isa = PBXBuildFile; productRef = 582C5F8D2C7654A800B678AE /* ConfigurationManager */; };
		5879C2062C80A37200BAB142 /* TunnelSettingsConversions.swift in Sources */ = {isa = PBXBuildFile; fileRef = 5879C2052C80A37200BAB142 /* TunnelSettingsConversions.swift */; };
		D90E2A9D2D11CFA000EBEC69 /* ConnectionTypes in Frameworks */ = {isa = PBXBuildFile; productRef = D90E2A9C2D11CFA000EBEC69 /* ConnectionTypes */; };
		D90E2A9F2D11CFA700EBEC69 /* ConnectionTypes in Frameworks */ = {isa = PBXBuildFile; productRef = D90E2A9E2D11CFA700EBEC69 /* ConnectionTypes */; };
		D9144C5B2CC1057A0021A617 /* CountriesManagerTypes in Frameworks */ = {isa = PBXBuildFile; productRef = D9144C5A2CC1057A0021A617 /* CountriesManagerTypes */; };
		D9144C5D2CC1057F0021A617 /* CountriesManagerTypes in Frameworks */ = {isa = PBXBuildFile; productRef = D9144C5C2CC1057F0021A617 /* CountriesManagerTypes */; };
		D9144C5F2CC105B20021A617 /* CountriesManager in Frameworks */ = {isa = PBXBuildFile; productRef = D9144C5E2CC105B20021A617 /* CountriesManager */; };
		D9144C612CC10A860021A617 /* CountriesManager in Frameworks */ = {isa = PBXBuildFile; productRef = D9144C602CC10A860021A617 /* CountriesManager */; };
		D9144C632CC10AA20021A617 /* Migrations in Frameworks */ = {isa = PBXBuildFile; productRef = D9144C622CC10AA20021A617 /* Migrations */; };
		D916EE672C90F2A700FADEEF /* Migrations in Frameworks */ = {isa = PBXBuildFile; productRef = D916EE662C90F2A700FADEEF /* Migrations */; };
		D9188A9E2CE12C5F0031E141 /* TunnelActor.swift in Sources */ = {isa = PBXBuildFile; fileRef = D9188A9D2CE12C5F0031E141 /* TunnelActor.swift */; };
		D91E36A92BF3AA7F00BDE84A /* HelperManager in Frameworks */ = {isa = PBXBuildFile; productRef = D91E36A82BF3AA7F00BDE84A /* HelperManager */; };
		D92219E62BA1CF99005EE6AC /* SystemConfiguration.framework in Frameworks */ = {isa = PBXBuildFile; fileRef = D9CF05D82BA1CC7100489055 /* SystemConfiguration.framework */; };
		D924A8E62C33F3D400465E84 /* ExternalLinkManager in Frameworks */ = {isa = PBXBuildFile; productRef = D924A8E52C33F3D400465E84 /* ExternalLinkManager */; };
		D924A8E82C33F3DA00465E84 /* ExternalLinkManager in Frameworks */ = {isa = PBXBuildFile; productRef = D924A8E72C33F3DA00465E84 /* ExternalLinkManager */; };
		D925D5322CCFBEAF00C8286E /* PacketTunnelProvider+TunnelStatusListener.swift in Sources */ = {isa = PBXBuildFile; fileRef = D925D5312CCFBEA100C8286E /* PacketTunnelProvider+TunnelStatusListener.swift */; };
		D9264E262B3DA062004594A8 /* Assets.xcassets in Resources */ = {isa = PBXBuildFile; fileRef = D9264E252B3DA062004594A8 /* Assets.xcassets */; };
		D9281C452B877B8800834B53 /* Keychain in Frameworks */ = {isa = PBXBuildFile; productRef = D9281C442B877B8800834B53 /* Keychain */; };
		D92FBA2B2C6B6AB300D743DF /* ConfigurationManager in Frameworks */ = {isa = PBXBuildFile; productRef = D92FBA2A2C6B6AB300D743DF /* ConfigurationManager */; };
		D92FBA2D2C6B6AB800D743DF /* ConfigurationManager in Frameworks */ = {isa = PBXBuildFile; productRef = D92FBA2C2C6B6AB800D743DF /* ConfigurationManager */; };
		D9309AF92BC81B7600C387F4 /* TunnelMixnet in Frameworks */ = {isa = PBXBuildFile; productRef = D9309AF82BC81B7600C387F4 /* TunnelMixnet */; };
		D93214412B84D29200FFDC5E /* Logging in Frameworks */ = {isa = PBXBuildFile; productRef = D93214402B84D29200FFDC5E /* Logging */; };
		D93214472B84EBEA00FFDC5E /* Logging in Frameworks */ = {isa = PBXBuildFile; productRef = D93214462B84EBEA00FFDC5E /* Logging */; };
		D944053F2BAC4CBD0076EEDB /* SystemConfiguration.framework in Frameworks */ = {isa = PBXBuildFile; fileRef = D9CF05D82BA1CC7100489055 /* SystemConfiguration.framework */; };
		D94866FF2BE035C300F5331B /* CredentialsManager in Frameworks */ = {isa = PBXBuildFile; productRef = D94866FE2BE035C300F5331B /* CredentialsManager */; };
		D94867012BE035FB00F5331B /* Constants in Frameworks */ = {isa = PBXBuildFile; productRef = D94867002BE035FB00F5331B /* Constants */; };
		D953CFEA2C8ED73C008A942B /* NotificationsManager in Frameworks */ = {isa = PBXBuildFile; productRef = D953CFE92C8ED73C008A942B /* NotificationsManager */; };
		D954C0B92B51C1CA00C6BAAC /* NetworkExtension.framework in Frameworks */ = {isa = PBXBuildFile; fileRef = D954C0A62B51C17200C6BAAC /* NetworkExtension.framework */; };
		D954C0BC2B51C1CA00C6BAAC /* PacketTunnelProvider.swift in Sources */ = {isa = PBXBuildFile; fileRef = D954C0BB2B51C1CA00C6BAAC /* PacketTunnelProvider.swift */; };
		D954C0C12B51C1CA00C6BAAC /* NymMixnetTunnel.appex in Embed Foundation Extensions */ = {isa = PBXBuildFile; fileRef = D954C0B82B51C1CA00C6BAAC /* NymMixnetTunnel.appex */; settings = {ATTRIBUTES = (RemoveHeadersOnCopy, ); }; };
		D9643C6E2CEBC53A00F6B9A7 /* UserNotifications.framework in Frameworks */ = {isa = PBXBuildFile; fileRef = D9643C6D2CEBC53A00F6B9A7 /* UserNotifications.framework */; };
		D9643C702CEBC90700F6B9A7 /* NotificationMessages in Frameworks */ = {isa = PBXBuildFile; productRef = D9643C6F2CEBC90700F6B9A7 /* NotificationMessages */; };
		D96680D12CC4FC7200267FA1 /* Device in Frameworks */ = {isa = PBXBuildFile; productRef = D96680D02CC4FC7200267FA1 /* Device */; };
		D96680D32CC4FC7800267FA1 /* Device in Frameworks */ = {isa = PBXBuildFile; productRef = D96680D22CC4FC7800267FA1 /* Device */; };
		D96740232B56A67A001F6891 /* Tunnels in Frameworks */ = {isa = PBXBuildFile; productRef = D96740222B56A67A001F6891 /* Tunnels */; };
		D968BDC92B6AEA9D003F42E5 /* AppSettings in Frameworks */ = {isa = PBXBuildFile; productRef = D968BDC82B6AEA9D003F42E5 /* AppSettings */; };
		D968BDCB2B6BC98E003F42E5 /* AppVersionProvider in Frameworks */ = {isa = PBXBuildFile; productRef = D968BDCA2B6BC98E003F42E5 /* AppVersionProvider */; };
		D96B94DE2C2AB62D00E98B15 /* gatewaysEntryCountries.json in Resources */ = {isa = PBXBuildFile; fileRef = D96B94DC2C2AB62D00E98B15 /* gatewaysEntryCountries.json */; };
		D96B94DF2C2AB62D00E98B15 /* gatewaysEntryCountries.json in Resources */ = {isa = PBXBuildFile; fileRef = D96B94DC2C2AB62D00E98B15 /* gatewaysEntryCountries.json */; };
		D96B94E02C2AB62D00E98B15 /* gatewaysExitCountries.json in Resources */ = {isa = PBXBuildFile; fileRef = D96B94DD2C2AB62D00E98B15 /* gatewaysExitCountries.json */; };
		D96B94E12C2AB62D00E98B15 /* gatewaysExitCountries.json in Resources */ = {isa = PBXBuildFile; fileRef = D96B94DD2C2AB62D00E98B15 /* gatewaysExitCountries.json */; };
		D97065E12B8DD44A00C27A9B /* TunnelStatus in Frameworks */ = {isa = PBXBuildFile; productRef = D97065E02B8DD44A00C27A9B /* TunnelStatus */; };
		D974C03B2BBED2460011924A /* ConnectionManager in Frameworks */ = {isa = PBXBuildFile; productRef = D974C03A2BBED2460011924A /* ConnectionManager */; };
		D975F8042CE51097002D42C7 /* ErrorHandler in Frameworks */ = {isa = PBXBuildFile; productRef = D975F8032CE51097002D42C7 /* ErrorHandler */; };
		D9870CF32BE3A12800551A86 /* Home in Frameworks */ = {isa = PBXBuildFile; productRef = D9870CF22BE3A12800551A86 /* Home */; };
		D9879AF72CFE166400CF1B5D /* LaunchScreen.storyboard in Resources */ = {isa = PBXBuildFile; fileRef = D9879AF52CFE166400CF1B5D /* LaunchScreen.storyboard */; };
		D98B32F22C58F682005A15A3 /* Package.resolved in Resources */ = {isa = PBXBuildFile; fileRef = D98B32F12C58F682005A15A3 /* Package.resolved */; };
		D99820982BB6E8D9000C1FEE /* MixnetLibrary in Frameworks */ = {isa = PBXBuildFile; productRef = D99820972BB6E8D9000C1FEE /* MixnetLibrary */; };
		D99A147A2B357E9900F2728B /* NymVPNApp.swift in Sources */ = {isa = PBXBuildFile; fileRef = D99A14792B357E9900F2728B /* NymVPNApp.swift */; };
		D99A148C2B35A74200F2728B /* Theme in Frameworks */ = {isa = PBXBuildFile; productRef = D99A148B2B35A74200F2728B /* Theme */; };
		D9A8580E2CF3A2AA0030843A /* HelperInstallManager in Frameworks */ = {isa = PBXBuildFile; productRef = D9A8580D2CF3A2AA0030843A /* HelperInstallManager */; };
		D9ABF2842BF4989B009089FA /* Shell in Frameworks */ = {isa = PBXBuildFile; productRef = D9ABF2832BF4989B009089FA /* Shell */; };
		D9AC152E2BF3845E0041E334 /* net.nymtech.vpn.helper in Embed Helper Tool */ = {isa = PBXBuildFile; fileRef = D9AC152C2BF384580041E334 /* net.nymtech.vpn.helper */; settings = {ATTRIBUTES = (CodeSignOnCopy, ); }; };
		D9B7BAF82C4866A0005AF2D6 /* NymLogger in Frameworks */ = {isa = PBXBuildFile; productRef = D9B7BAF72C4866A0005AF2D6 /* NymLogger */; };
		D9B7BAFC2C4866AF005AF2D6 /* NymLogger in Frameworks */ = {isa = PBXBuildFile; productRef = D9B7BAFB2C4866AF005AF2D6 /* NymLogger */; };
		D9BB53552BAC4AE500917C97 /* Tunnels in Frameworks */ = {isa = PBXBuildFile; productRef = D9BB53542BAC4AE500917C97 /* Tunnels */; };
		D9BD6A142BD84EF400B42D6F /* SentryManager in Frameworks */ = {isa = PBXBuildFile; productRef = D9BD6A132BD84EF400B42D6F /* SentryManager */; };
		D9BEF2D32BEB63310036C566 /* NymVPNDaemonApp.swift in Sources */ = {isa = PBXBuildFile; fileRef = D9BEF2D22BEB63310036C566 /* NymVPNDaemonApp.swift */; };
		D9BEF2D72BEB63320036C566 /* Assets.xcassets in Resources */ = {isa = PBXBuildFile; fileRef = D9BEF2D62BEB63320036C566 /* Assets.xcassets */; };
		D9BEF2DA2BEB63320036C566 /* Preview Assets.xcassets in Resources */ = {isa = PBXBuildFile; fileRef = D9BEF2D92BEB63320036C566 /* Preview Assets.xcassets */; };
		D9BEF2E12BEB660D0036C566 /* GRPCManager in Frameworks */ = {isa = PBXBuildFile; productRef = D9BEF2E02BEB660D0036C566 /* GRPCManager */; };
		D9BEF2E32BEB8D7E0036C566 /* Constants in Frameworks */ = {isa = PBXBuildFile; productRef = D9BEF2E22BEB8D7E0036C566 /* Constants */; };
		D9BEF2E52BEBA4010036C566 /* AppSettings in Frameworks */ = {isa = PBXBuildFile; productRef = D9BEF2E42BEBA4010036C566 /* AppSettings */; };
		D9CDF2DC2BF49909007E5DAF /* Home in Frameworks */ = {isa = PBXBuildFile; productRef = D9CDF2DB2BF49909007E5DAF /* Home */; };
		D9D483582BEBA72F0005A41C /* UIComponents in Frameworks */ = {isa = PBXBuildFile; productRef = D9D483572BEBA72F0005A41C /* UIComponents */; };
		D9DE893E2CFE54CD006C4071 /* launchLogo@3x.png in Resources */ = {isa = PBXBuildFile; fileRef = D9DE893D2CFE54CD006C4071 /* launchLogo@3x.png */; };
		D9DE893F2CFE54CD006C4071 /* launchLogo.png in Resources */ = {isa = PBXBuildFile; fileRef = D9DE893B2CFE54CD006C4071 /* launchLogo.png */; };
		D9DE89402CFE54CD006C4071 /* launchLogo@2x.png in Resources */ = {isa = PBXBuildFile; fileRef = D9DE893C2CFE54CD006C4071 /* launchLogo@2x.png */; };
		D9DE89412CFE54CD006C4071 /* launchLogo@3x.png in Resources */ = {isa = PBXBuildFile; fileRef = D9DE893D2CFE54CD006C4071 /* launchLogo@3x.png */; };
		D9DE89422CFE54CD006C4071 /* launchLogo.png in Resources */ = {isa = PBXBuildFile; fileRef = D9DE893B2CFE54CD006C4071 /* launchLogo.png */; };
		D9DE89432CFE54CD006C4071 /* launchLogo@2x.png in Resources */ = {isa = PBXBuildFile; fileRef = D9DE893C2CFE54CD006C4071 /* launchLogo@2x.png */; };
		D9E552B22CE9E8F6008C74F6 /* SystemMessageManager in Frameworks */ = {isa = PBXBuildFile; productRef = D9E552B12CE9E8F6008C74F6 /* SystemMessageManager */; };
		D9E552B42CE9E8FB008C74F6 /* SystemMessageManager in Frameworks */ = {isa = PBXBuildFile; productRef = D9E552B32CE9E8FB008C74F6 /* SystemMessageManager */; };
		D9E552B82CE9E909008C74F6 /* ErrorHandler in Frameworks */ = {isa = PBXBuildFile; productRef = D9E552B72CE9E909008C74F6 /* ErrorHandler */; };
		D9E552BA2CEA5A6E008C74F6 /* SystemMessageModels in Frameworks */ = {isa = PBXBuildFile; productRef = D9E552B92CEA5A6E008C74F6 /* SystemMessageModels */; };
		D9E552BC2CEA5A74008C74F6 /* SystemMessageModels in Frameworks */ = {isa = PBXBuildFile; productRef = D9E552BB2CEA5A74008C74F6 /* SystemMessageModels */; };
		D9E6D8C92BF5FF5F009612CE /* TunnelStatus in Frameworks */ = {isa = PBXBuildFile; productRef = D9E6D8C82BF5FF5F009612CE /* TunnelStatus */; };
		D9E9F19D2C3806BB0056EB8C /* AutoUpdater in Frameworks */ = {isa = PBXBuildFile; productRef = D9E9F19C2C3806BB0056EB8C /* AutoUpdater */; };
		D9E9F1A02C3807A00056EB8C /* Sparkle in Frameworks */ = {isa = PBXBuildFile; productRef = D9E9F19F2C3807A00056EB8C /* Sparkle */; };
		D9EACBD62BC016D60094CDDF /* NymVPNUITests.swift in Sources */ = {isa = PBXBuildFile; fileRef = D9EACBD52BC016D60094CDDF /* NymVPNUITests.swift */; };
		D9EACBDF2BC01D790094CDDF /* SwiftyPing in Frameworks */ = {isa = PBXBuildFile; productRef = D9EACBDE2BC01D790094CDDF /* SwiftyPing */; };
		D9F236232C64E64E00CCC433 /* LibLicences.json in Resources */ = {isa = PBXBuildFile; fileRef = D9F236222C64E64E00CCC433 /* LibLicences.json */; };
		D9F236252C650A9200CCC433 /* LibLicences.json in Resources */ = {isa = PBXBuildFile; fileRef = D9F236242C650A9200CCC433 /* LibLicences.json */; };
		D9F699E02B4C1862005576A9 /* Settings in Frameworks */ = {isa = PBXBuildFile; productRef = D9F699DF2B4C1862005576A9 /* Settings */; };
		D9F75F4E2CA409320005AC82 /* vpnCountries.json in Resources */ = {isa = PBXBuildFile; fileRef = D9F75F4D2CA409320005AC82 /* vpnCountries.json */; };
		D9F75F4F2CA409320005AC82 /* vpnCountries.json in Resources */ = {isa = PBXBuildFile; fileRef = D9F75F4D2CA409320005AC82 /* vpnCountries.json */; };
		D9FA77C82CEBB32C003362D7 /* NotificationsManager in Frameworks */ = {isa = PBXBuildFile; productRef = D9FA77C72CEBB32C003362D7 /* NotificationsManager */; };
		D9FB33DA2BECC163009C3419 /* Extensions in Frameworks */ = {isa = PBXBuildFile; productRef = D9FB33D92BECC163009C3419 /* Extensions */; };
		D9FB33DC2BECD473009C3419 /* SentryManager in Frameworks */ = {isa = PBXBuildFile; productRef = D9FB33DB2BECD473009C3419 /* SentryManager */; };
		D9FB33DE2BECD47E009C3419 /* Theme in Frameworks */ = {isa = PBXBuildFile; productRef = D9FB33DD2BECD47E009C3419 /* Theme */; };
		D9FB33E82BECFD1F009C3419 /* ServiceManagement.framework in Frameworks */ = {isa = PBXBuildFile; fileRef = D9FB33E72BECFD1F009C3419 /* ServiceManagement.framework */; };
		D9FFC1F92C40F65F00A4766C /* AutoUpdates in Frameworks */ = {isa = PBXBuildFile; productRef = D9FFC1F82C40F65F00A4766C /* AutoUpdates */; };
/* End PBXBuildFile section */

/* Begin PBXContainerItemProxy section */
		D954C0BF2B51C1CA00C6BAAC /* PBXContainerItemProxy */ = {
			isa = PBXContainerItemProxy;
			containerPortal = D99A146E2B357E9900F2728B /* Project object */;
			proxyType = 1;
			remoteGlobalIDString = D954C0B72B51C1CA00C6BAAC;
			remoteInfo = NymMixnetTunnel;
		};
		D9DB4D6B2BAB0F37005E8E02 /* PBXContainerItemProxy */ = {
			isa = PBXContainerItemProxy;
			containerPortal = D99A146E2B357E9900F2728B /* Project object */;
			proxyType = 1;
			remoteGlobalIDString = D9DB4D632BAB0F37005E8E02;
			remoteInfo = NymWG;
		};
		D9EACBD92BC016D60094CDDF /* PBXContainerItemProxy */ = {
			isa = PBXContainerItemProxy;
			containerPortal = D99A146E2B357E9900F2728B /* Project object */;
			proxyType = 1;
			remoteGlobalIDString = D99A14752B357E9900F2728B;
			remoteInfo = NymVPN;
		};
/* End PBXContainerItemProxy section */

/* Begin PBXCopyFilesBuildPhase section */
		D954C0B32B51C17200C6BAAC /* Embed Foundation Extensions */ = {
			isa = PBXCopyFilesBuildPhase;
			buildActionMask = 2147483647;
			dstPath = "";
			dstSubfolderSpec = 13;
			files = (
				D954C0C12B51C1CA00C6BAAC /* NymMixnetTunnel.appex in Embed Foundation Extensions */,
			);
			name = "Embed Foundation Extensions";
			runOnlyForDeploymentPostprocessing = 0;
		};
		D99820962BB6E73C000C1FEE /* Embed Frameworks */ = {
			isa = PBXCopyFilesBuildPhase;
			buildActionMask = 2147483647;
			dstPath = "";
			dstSubfolderSpec = 10;
			files = (
			);
			name = "Embed Frameworks";
			runOnlyForDeploymentPostprocessing = 0;
		};
		D9FB33E52BECFA64009C3419 /* Embed Helper Tool */ = {
			isa = PBXCopyFilesBuildPhase;
			buildActionMask = 2147483647;
			dstPath = Contents/Library/LaunchServices;
			dstSubfolderSpec = 1;
			files = (
				D9AC152E2BF3845E0041E334 /* net.nymtech.vpn.helper in Embed Helper Tool */,
			);
			name = "Embed Helper Tool";
			runOnlyForDeploymentPostprocessing = 0;
		};
/* End PBXCopyFilesBuildPhase section */

/* Begin PBXFileReference section */
		5879C2052C80A37200BAB142 /* TunnelSettingsConversions.swift */ = {isa = PBXFileReference; lastKnownFileType = sourcecode.swift; path = TunnelSettingsConversions.swift; sourceTree = "<group>"; };
		D90F19042BEED69D008D2232 /* Info.plist */ = {isa = PBXFileReference; lastKnownFileType = text.plist.xml; path = Info.plist; sourceTree = "<group>"; };
		D9188A9D2CE12C5F0031E141 /* TunnelActor.swift */ = {isa = PBXFileReference; lastKnownFileType = sourcecode.swift; path = TunnelActor.swift; sourceTree = "<group>"; };
		D925D5312CCFBEA100C8286E /* PacketTunnelProvider+TunnelStatusListener.swift */ = {isa = PBXFileReference; lastKnownFileType = sourcecode.swift; path = "PacketTunnelProvider+TunnelStatusListener.swift"; sourceTree = "<group>"; };
		D9264E252B3DA062004594A8 /* Assets.xcassets */ = {isa = PBXFileReference; lastKnownFileType = folder.assetcatalog; path = Assets.xcassets; sourceTree = "<group>"; };
		D9281C462B8884D400834B53 /* NymVPN.entitlements */ = {isa = PBXFileReference; lastKnownFileType = text.plist.entitlements; path = NymVPN.entitlements; sourceTree = "<group>"; };
		D94127BA2BFF2CB7009EDB7A /* Entitlements.plist */ = {isa = PBXFileReference; lastKnownFileType = text.plist.xml; path = Entitlements.plist; sourceTree = "<group>"; };
		D954C0A62B51C17200C6BAAC /* NetworkExtension.framework */ = {isa = PBXFileReference; lastKnownFileType = wrapper.framework; name = NetworkExtension.framework; path = System/Library/Frameworks/NetworkExtension.framework; sourceTree = SDKROOT; };
		D954C0B82B51C1CA00C6BAAC /* NymMixnetTunnel.appex */ = {isa = PBXFileReference; explicitFileType = "wrapper.app-extension"; includeInIndex = 0; path = NymMixnetTunnel.appex; sourceTree = BUILT_PRODUCTS_DIR; };
		D954C0BB2B51C1CA00C6BAAC /* PacketTunnelProvider.swift */ = {isa = PBXFileReference; lastKnownFileType = sourcecode.swift; path = PacketTunnelProvider.swift; sourceTree = "<group>"; };
		D954C0BD2B51C1CA00C6BAAC /* Info.plist */ = {isa = PBXFileReference; lastKnownFileType = text.plist.xml; path = Info.plist; sourceTree = "<group>"; };
		D954C0BE2B51C1CA00C6BAAC /* NymMixnetTunnel.entitlements */ = {isa = PBXFileReference; lastKnownFileType = text.plist.entitlements; path = NymMixnetTunnel.entitlements; sourceTree = "<group>"; };
		D955FA002B73CF6F005BA27D /* Info.plist */ = {isa = PBXFileReference; lastKnownFileType = text.plist.xml; path = Info.plist; sourceTree = "<group>"; };
		D9643C6D2CEBC53A00F6B9A7 /* UserNotifications.framework */ = {isa = PBXFileReference; lastKnownFileType = wrapper.framework; name = UserNotifications.framework; path = Platforms/MacOSX.platform/Developer/SDKs/MacOSX15.1.sdk/System/Library/Frameworks/UserNotifications.framework; sourceTree = DEVELOPER_DIR; };
		D96B94DC2C2AB62D00E98B15 /* gatewaysEntryCountries.json */ = {isa = PBXFileReference; fileEncoding = 4; lastKnownFileType = text.json; path = gatewaysEntryCountries.json; sourceTree = "<group>"; };
		D96B94DD2C2AB62D00E98B15 /* gatewaysExitCountries.json */ = {isa = PBXFileReference; fileEncoding = 4; lastKnownFileType = text.json; path = gatewaysExitCountries.json; sourceTree = "<group>"; };
		D9879AF52CFE166400CF1B5D /* LaunchScreen.storyboard */ = {isa = PBXFileReference; lastKnownFileType = file.storyboard; path = LaunchScreen.storyboard; sourceTree = "<group>"; };
		D98B32F12C58F682005A15A3 /* Package.resolved */ = {isa = PBXFileReference; fileEncoding = 4; lastKnownFileType = text; name = Package.resolved; path = NymVPN.xcworkspace/xcshareddata/swiftpm/Package.resolved; sourceTree = SOURCE_ROOT; };
		D990950D2BC6B31900C98E3F /* SystemConfiguration.framework */ = {isa = PBXFileReference; lastKnownFileType = wrapper.framework; name = SystemConfiguration.framework; path = Platforms/MacOSX.platform/Developer/SDKs/MacOSX14.4.sdk/System/Library/Frameworks/SystemConfiguration.framework; sourceTree = DEVELOPER_DIR; };
		D99A14762B357E9900F2728B /* NymVPN.app */ = {isa = PBXFileReference; explicitFileType = wrapper.application; includeInIndex = 0; path = NymVPN.app; sourceTree = BUILT_PRODUCTS_DIR; };
		D99A14792B357E9900F2728B /* NymVPNApp.swift */ = {isa = PBXFileReference; lastKnownFileType = sourcecode.swift; path = NymVPNApp.swift; sourceTree = "<group>"; };
		D9AC152C2BF384580041E334 /* net.nymtech.vpn.helper */ = {isa = PBXFileReference; lastKnownFileType = "compiled.mach-o.executable"; path = net.nymtech.vpn.helper; sourceTree = "<group>"; };
		D9BEF2D02BEB63310036C566 /* NymVPN.app */ = {isa = PBXFileReference; explicitFileType = wrapper.application; includeInIndex = 0; path = NymVPN.app; sourceTree = BUILT_PRODUCTS_DIR; };
		D9BEF2D22BEB63310036C566 /* NymVPNDaemonApp.swift */ = {isa = PBXFileReference; lastKnownFileType = sourcecode.swift; path = NymVPNDaemonApp.swift; sourceTree = "<group>"; };
		D9BEF2D62BEB63320036C566 /* Assets.xcassets */ = {isa = PBXFileReference; lastKnownFileType = folder.assetcatalog; path = Assets.xcassets; sourceTree = "<group>"; };
		D9BEF2D92BEB63320036C566 /* Preview Assets.xcassets */ = {isa = PBXFileReference; lastKnownFileType = folder.assetcatalog; path = "Preview Assets.xcassets"; sourceTree = "<group>"; };
		D9BEF2DB2BEB63320036C566 /* NymVPNDaemon.entitlements */ = {isa = PBXFileReference; lastKnownFileType = text.plist.entitlements; path = NymVPNDaemon.entitlements; sourceTree = "<group>"; };
		D9CF05D52BA1CBE000489055 /* Network.framework */ = {isa = PBXFileReference; lastKnownFileType = wrapper.framework; name = Network.framework; path = System/Library/Frameworks/Network.framework; sourceTree = SDKROOT; };
		D9CF05D82BA1CC7100489055 /* SystemConfiguration.framework */ = {isa = PBXFileReference; lastKnownFileType = wrapper.framework; name = SystemConfiguration.framework; path = System/Library/Frameworks/SystemConfiguration.framework; sourceTree = SDKROOT; };
		D9CF05DA2BA1CD1E00489055 /* CFNetwork.framework */ = {isa = PBXFileReference; lastKnownFileType = wrapper.framework; name = CFNetwork.framework; path = System/Library/Frameworks/CFNetwork.framework; sourceTree = SDKROOT; };
		D9CF05DC2BA1CD7200489055 /* libnetwork.tbd */ = {isa = PBXFileReference; lastKnownFileType = "sourcecode.text-based-dylib-definition"; name = libnetwork.tbd; path = usr/lib/libnetwork.tbd; sourceTree = SDKROOT; };
		D9CF05E22BA1CDAA00489055 /* libnetworkextension.tbd */ = {isa = PBXFileReference; lastKnownFileType = "sourcecode.text-based-dylib-definition"; name = libnetworkextension.tbd; path = usr/lib/libnetworkextension.tbd; sourceTree = SDKROOT; };
		D9CF05E32BA1CDAA00489055 /* libswiftNetwork.tbd */ = {isa = PBXFileReference; lastKnownFileType = "sourcecode.text-based-dylib-definition"; name = libswiftNetwork.tbd; path = usr/lib/swift/libswiftNetwork.tbd; sourceTree = SDKROOT; };
		D9CF05E42BA1CDAA00489055 /* ThreadNetwork.framework */ = {isa = PBXFileReference; lastKnownFileType = wrapper.framework; name = ThreadNetwork.framework; path = System/Library/Frameworks/ThreadNetwork.framework; sourceTree = SDKROOT; };
		D9DE893B2CFE54CD006C4071 /* launchLogo.png */ = {isa = PBXFileReference; lastKnownFileType = image.png; path = launchLogo.png; sourceTree = "<group>"; };
		D9DE893C2CFE54CD006C4071 /* launchLogo@2x.png */ = {isa = PBXFileReference; lastKnownFileType = image.png; path = "launchLogo@2x.png"; sourceTree = "<group>"; };
		D9DE893D2CFE54CD006C4071 /* launchLogo@3x.png */ = {isa = PBXFileReference; lastKnownFileType = image.png; path = "launchLogo@3x.png"; sourceTree = "<group>"; };
		D9E9F1A12C3D51650056EB8C /* README.md */ = {isa = PBXFileReference; lastKnownFileType = net.daringfireball.markdown; path = README.md; sourceTree = "<group>"; };
		D9EACBD32BC016D60094CDDF /* NymVPNUITests.xctest */ = {isa = PBXFileReference; explicitFileType = wrapper.cfbundle; includeInIndex = 0; path = NymVPNUITests.xctest; sourceTree = BUILT_PRODUCTS_DIR; };
		D9EACBD52BC016D60094CDDF /* NymVPNUITests.swift */ = {isa = PBXFileReference; lastKnownFileType = sourcecode.swift; path = NymVPNUITests.swift; sourceTree = "<group>"; };
		D9F236222C64E64E00CCC433 /* LibLicences.json */ = {isa = PBXFileReference; lastKnownFileType = text.json; path = LibLicences.json; sourceTree = "<group>"; };
		D9F236242C650A9200CCC433 /* LibLicences.json */ = {isa = PBXFileReference; fileEncoding = 4; lastKnownFileType = text.json; path = LibLicences.json; sourceTree = "<group>"; };
		D9F75F4D2CA409320005AC82 /* vpnCountries.json */ = {isa = PBXFileReference; lastKnownFileType = text.json; path = vpnCountries.json; sourceTree = "<group>"; };
		D9FB33DF2BECF09D009C3419 /* net.nymtech.vpn.helper.plist */ = {isa = PBXFileReference; lastKnownFileType = text.plist.xml; path = net.nymtech.vpn.helper.plist; sourceTree = "<group>"; };
		D9FB33E72BECFD1F009C3419 /* ServiceManagement.framework */ = {isa = PBXFileReference; lastKnownFileType = wrapper.framework; name = ServiceManagement.framework; path = Platforms/MacOSX.platform/Developer/SDKs/MacOSX14.4.sdk/System/Library/Frameworks/ServiceManagement.framework; sourceTree = DEVELOPER_DIR; };
		D9FB33F22BEE320B009C3419 /* Launchd.plist */ = {isa = PBXFileReference; fileEncoding = 4; lastKnownFileType = text.plist.xml; path = Launchd.plist; sourceTree = "<group>"; };
		D9FB33F32BEE320B009C3419 /* Info.plist */ = {isa = PBXFileReference; fileEncoding = 4; lastKnownFileType = text.plist.xml; path = Info.plist; sourceTree = "<group>"; };
/* End PBXFileReference section */

/* Begin PBXFrameworksBuildPhase section */
		D954C0B52B51C1CA00C6BAAC /* Frameworks */ = {
			isa = PBXFrameworksBuildPhase;
			buildActionMask = 2147483647;
			files = (
				D9309AF92BC81B7600C387F4 /* TunnelMixnet in Frameworks */,
				D975F8042CE51097002D42C7 /* ErrorHandler in Frameworks */,
				D944053F2BAC4CBD0076EEDB /* SystemConfiguration.framework in Frameworks */,
				D99820982BB6E8D9000C1FEE /* MixnetLibrary in Frameworks */,
				D9BB53552BAC4AE500917C97 /* Tunnels in Frameworks */,
				D9643C702CEBC90700F6B9A7 /* NotificationMessages in Frameworks */,
				D93214472B84EBEA00FFDC5E /* Logging in Frameworks */,
				D954C0B92B51C1CA00C6BAAC /* NetworkExtension.framework in Frameworks */,
				D9281C452B877B8800834B53 /* Keychain in Frameworks */,
				582C5F8E2C7654A800B678AE /* ConfigurationManager in Frameworks */,
			);
			runOnlyForDeploymentPostprocessing = 0;
		};
		D99A14732B357E9900F2728B /* Frameworks */ = {
			isa = PBXFrameworksBuildPhase;
			buildActionMask = 2147483647;
			files = (
				D93214412B84D29200FFDC5E /* Logging in Frameworks */,
				D968BDCB2B6BC98E003F42E5 /* AppVersionProvider in Frameworks */,
				D96740232B56A67A001F6891 /* Tunnels in Frameworks */,
				D9F699E02B4C1862005576A9 /* Settings in Frameworks */,
				D97065E12B8DD44A00C27A9B /* TunnelStatus in Frameworks */,
				D9144C612CC10A860021A617 /* CountriesManager in Frameworks */,
				D968BDC92B6AEA9D003F42E5 /* AppSettings in Frameworks */,
				D99A148C2B35A74200F2728B /* Theme in Frameworks */,
				D94867012BE035FB00F5331B /* Constants in Frameworks */,
				D9B7BAFC2C4866AF005AF2D6 /* NymLogger in Frameworks */,
				D953CFEA2C8ED73C008A942B /* NotificationsManager in Frameworks */,
				D9E552BA2CEA5A6E008C74F6 /* SystemMessageModels in Frameworks */,
				D9FB33DA2BECC163009C3419 /* Extensions in Frameworks */,
				D924A8E62C33F3D400465E84 /* ExternalLinkManager in Frameworks */,
				D94866FF2BE035C300F5331B /* CredentialsManager in Frameworks */,
				D96680D12CC4FC7200267FA1 /* Device in Frameworks */,
				D9BD6A142BD84EF400B42D6F /* SentryManager in Frameworks */,
				D90E2A9F2D11CFA700EBEC69 /* ConnectionTypes in Frameworks */,
				D974C03B2BBED2460011924A /* ConnectionManager in Frameworks */,
				D9144C632CC10AA20021A617 /* Migrations in Frameworks */,
				D92FBA2D2C6B6AB800D743DF /* ConfigurationManager in Frameworks */,
				D9870CF32BE3A12800551A86 /* Home in Frameworks */,
				D9E552B22CE9E8F6008C74F6 /* SystemMessageManager in Frameworks */,
				D92219E62BA1CF99005EE6AC /* SystemConfiguration.framework in Frameworks */,
				D9144C5B2CC1057A0021A617 /* CountriesManagerTypes in Frameworks */,
				D9E552B82CE9E909008C74F6 /* ErrorHandler in Frameworks */,
				D9D483582BEBA72F0005A41C /* UIComponents in Frameworks */,
			);
			runOnlyForDeploymentPostprocessing = 0;
		};
		D9BEF2CD2BEB63310036C566 /* Frameworks */ = {
			isa = PBXFrameworksBuildPhase;
			buildActionMask = 2147483647;
			files = (
				D91E36A92BF3AA7F00BDE84A /* HelperManager in Frameworks */,
				D9FB33DE2BECD47E009C3419 /* Theme in Frameworks */,
				D9BEF2E52BEBA4010036C566 /* AppSettings in Frameworks */,
				D9A8580E2CF3A2AA0030843A /* HelperInstallManager in Frameworks */,
				D9144C5F2CC105B20021A617 /* CountriesManager in Frameworks */,
				D924A8E82C33F3DA00465E84 /* ExternalLinkManager in Frameworks */,
				D9B7BAF82C4866A0005AF2D6 /* NymLogger in Frameworks */,
				D9FA77C82CEBB32C003362D7 /* NotificationsManager in Frameworks */,
				D9E552B42CE9E8FB008C74F6 /* SystemMessageManager in Frameworks */,
				D9643C6E2CEBC53A00F6B9A7 /* UserNotifications.framework in Frameworks */,
				D9FFC1F92C40F65F00A4766C /* AutoUpdates in Frameworks */,
				D9FB33E82BECFD1F009C3419 /* ServiceManagement.framework in Frameworks */,
				D92FBA2B2C6B6AB300D743DF /* ConfigurationManager in Frameworks */,
				D9E9F1A02C3807A00056EB8C /* Sparkle in Frameworks */,
				D90E2A9D2D11CFA000EBEC69 /* ConnectionTypes in Frameworks */,
				D96680D32CC4FC7800267FA1 /* Device in Frameworks */,
				D916EE672C90F2A700FADEEF /* Migrations in Frameworks */,
				D9E9F19D2C3806BB0056EB8C /* AutoUpdater in Frameworks */,
				D9E6D8C92BF5FF5F009612CE /* TunnelStatus in Frameworks */,
				D9BEF2E32BEB8D7E0036C566 /* Constants in Frameworks */,
				D9144C5D2CC1057F0021A617 /* CountriesManagerTypes in Frameworks */,
				D9ABF2842BF4989B009089FA /* Shell in Frameworks */,
				D9E552BC2CEA5A74008C74F6 /* SystemMessageModels in Frameworks */,
				D9BEF2E12BEB660D0036C566 /* GRPCManager in Frameworks */,
				D9FB33DC2BECD473009C3419 /* SentryManager in Frameworks */,
				D9CDF2DC2BF49909007E5DAF /* Home in Frameworks */,
			);
			runOnlyForDeploymentPostprocessing = 0;
		};
		D9EACBD02BC016D60094CDDF /* Frameworks */ = {
			isa = PBXFrameworksBuildPhase;
			buildActionMask = 2147483647;
			files = (
				D9EACBDF2BC01D790094CDDF /* SwiftyPing in Frameworks */,
			);
			runOnlyForDeploymentPostprocessing = 0;
		};
/* End PBXFrameworksBuildPhase section */

/* Begin PBXGroup section */
		D90F19062BEED6A2008D2232 /* Resources */ = {
			isa = PBXGroup;
			children = (
				D9F236242C650A9200CCC433 /* LibLicences.json */,
				D98B32F12C58F682005A15A3 /* Package.resolved */,
				D90F19042BEED69D008D2232 /* Info.plist */,
				D9BEF2D62BEB63320036C566 /* Assets.xcassets */,
				D9BEF2DB2BEB63320036C566 /* NymVPNDaemon.entitlements */,
			);
			path = Resources;
			sourceTree = "<group>";
		};
		D954C0BA2B51C1CA00C6BAAC /* NymMixnetTunnel */ = {
			isa = PBXGroup;
			children = (
				D954C0BB2B51C1CA00C6BAAC /* PacketTunnelProvider.swift */,
				D925D5312CCFBEA100C8286E /* PacketTunnelProvider+TunnelStatusListener.swift */,
				D9188A9D2CE12C5F0031E141 /* TunnelActor.swift */,
				5879C2052C80A37200BAB142 /* TunnelSettingsConversions.swift */,
				D954C0BD2B51C1CA00C6BAAC /* Info.plist */,
				D954C0BE2B51C1CA00C6BAAC /* NymMixnetTunnel.entitlements */,
			);
			path = NymMixnetTunnel;
			sourceTree = "<group>";
		};
		D967402C2B56CA1A001F6891 /* Resources */ = {
			isa = PBXGroup;
			children = (
				D9DE89442CFE54F7006C4071 /* LaunchLogo */,
				D9F75F4D2CA409320005AC82 /* vpnCountries.json */,
				D96B94DC2C2AB62D00E98B15 /* gatewaysEntryCountries.json */,
				D96B94DD2C2AB62D00E98B15 /* gatewaysExitCountries.json */,
				D955FA002B73CF6F005BA27D /* Info.plist */,
				D9F236222C64E64E00CCC433 /* LibLicences.json */,
				D9879AF52CFE166400CF1B5D /* LaunchScreen.storyboard */,
			);
			path = Resources;
			sourceTree = "<group>";
		};
		D99A146D2B357E9900F2728B = {
			isa = PBXGroup;
			children = (
				D9E9F1A12C3D51650056EB8C /* README.md */,
				D9FB33F02BEE31E2009C3419 /* Daemon */,
				D99A14782B357E9900F2728B /* NymVPN */,
				D9BEF2D12BEB63310036C566 /* NymVPNDaemon */,
				D954C0BA2B51C1CA00C6BAAC /* NymMixnetTunnel */,
				D9EACBD42BC016D60094CDDF /* NymVPNUITests */,
				D99A14772B357E9900F2728B /* Products */,
				D99A14882B35A73F00F2728B /* Frameworks */,
			);
			sourceTree = "<group>";
		};
		D99A14772B357E9900F2728B /* Products */ = {
			isa = PBXGroup;
			children = (
				D99A14762B357E9900F2728B /* NymVPN.app */,
				D954C0B82B51C1CA00C6BAAC /* NymMixnetTunnel.appex */,
				D9EACBD32BC016D60094CDDF /* NymVPNUITests.xctest */,
				D9BEF2D02BEB63310036C566 /* NymVPN.app */,
			);
			name = Products;
			sourceTree = "<group>";
		};
		D99A14782B357E9900F2728B /* NymVPN */ = {
			isa = PBXGroup;
			children = (
				D99A14792B357E9900F2728B /* NymVPNApp.swift */,
				D9281C462B8884D400834B53 /* NymVPN.entitlements */,
				D9264E252B3DA062004594A8 /* Assets.xcassets */,
				D967402C2B56CA1A001F6891 /* Resources */,
			);
			path = NymVPN;
			sourceTree = "<group>";
		};
		D99A14882B35A73F00F2728B /* Frameworks */ = {
			isa = PBXGroup;
			children = (
				D9643C6D2CEBC53A00F6B9A7 /* UserNotifications.framework */,
				D9FB33E72BECFD1F009C3419 /* ServiceManagement.framework */,
				D990950D2BC6B31900C98E3F /* SystemConfiguration.framework */,
				D9CF05E22BA1CDAA00489055 /* libnetworkextension.tbd */,
				D9CF05E32BA1CDAA00489055 /* libswiftNetwork.tbd */,
				D9CF05E42BA1CDAA00489055 /* ThreadNetwork.framework */,
				D9CF05DC2BA1CD7200489055 /* libnetwork.tbd */,
				D9CF05DA2BA1CD1E00489055 /* CFNetwork.framework */,
				D9CF05D82BA1CC7100489055 /* SystemConfiguration.framework */,
				D9CF05D52BA1CBE000489055 /* Network.framework */,
				D954C0A62B51C17200C6BAAC /* NetworkExtension.framework */,
			);
			name = Frameworks;
			sourceTree = "<group>";
		};
		D9BEF2D12BEB63310036C566 /* NymVPNDaemon */ = {
			isa = PBXGroup;
			children = (
				D9BEF2D22BEB63310036C566 /* NymVPNDaemonApp.swift */,
				D9BEF2D82BEB63320036C566 /* Preview Content */,
				D90F19062BEED6A2008D2232 /* Resources */,
			);
			path = NymVPNDaemon;
			sourceTree = "<group>";
		};
		D9BEF2D82BEB63320036C566 /* Preview Content */ = {
			isa = PBXGroup;
			children = (
				D9BEF2D92BEB63320036C566 /* Preview Assets.xcassets */,
			);
			path = "Preview Content";
			sourceTree = "<group>";
		};
		D9DE89442CFE54F7006C4071 /* LaunchLogo */ = {
			isa = PBXGroup;
			children = (
				D9DE893B2CFE54CD006C4071 /* launchLogo.png */,
				D9DE893C2CFE54CD006C4071 /* launchLogo@2x.png */,
				D9DE893D2CFE54CD006C4071 /* launchLogo@3x.png */,
			);
			path = LaunchLogo;
			sourceTree = "<group>";
		};
		D9EACBD42BC016D60094CDDF /* NymVPNUITests */ = {
			isa = PBXGroup;
			children = (
				D9EACBD52BC016D60094CDDF /* NymVPNUITests.swift */,
			);
			path = NymVPNUITests;
			sourceTree = "<group>";
		};
		D9FB33F02BEE31E2009C3419 /* Daemon */ = {
			isa = PBXGroup;
			children = (
				D94127BA2BFF2CB7009EDB7A /* Entitlements.plist */,
				D9FB33DF2BECF09D009C3419 /* net.nymtech.vpn.helper.plist */,
				D9FB33F22BEE320B009C3419 /* Launchd.plist */,
				D9FB33F32BEE320B009C3419 /* Info.plist */,
				D9AC152C2BF384580041E334 /* net.nymtech.vpn.helper */,
			);
			path = Daemon;
			sourceTree = "<group>";
		};
/* End PBXGroup section */

/* Begin PBXNativeTarget section */
		D954C0B72B51C1CA00C6BAAC /* NymMixnetTunnel */ = {
			isa = PBXNativeTarget;
			buildConfigurationList = D954C0C22B51C1CA00C6BAAC /* Build configuration list for PBXNativeTarget "NymMixnetTunnel" */;
			buildPhases = (
				D954C0B42B51C1CA00C6BAAC /* Sources */,
				D954C0B52B51C1CA00C6BAAC /* Frameworks */,
				D954C0B62B51C1CA00C6BAAC /* Resources */,
			);
			buildRules = (
			);
			dependencies = (
			);
			name = NymMixnetTunnel;
			packageProductDependencies = (
				D93214462B84EBEA00FFDC5E /* Logging */,
				D9281C442B877B8800834B53 /* Keychain */,
				D9BB53542BAC4AE500917C97 /* Tunnels */,
				D99820972BB6E8D9000C1FEE /* MixnetLibrary */,
				D9309AF82BC81B7600C387F4 /* TunnelMixnet */,
				582C5F8D2C7654A800B678AE /* ConfigurationManager */,
				D975F8032CE51097002D42C7 /* ErrorHandler */,
				D9643C6F2CEBC90700F6B9A7 /* NotificationMessages */,
			);
			productName = NymMixnetTunnel;
			productReference = D954C0B82B51C1CA00C6BAAC /* NymMixnetTunnel.appex */;
			productType = "com.apple.product-type.app-extension";
		};
		D99A14752B357E9900F2728B /* NymVPN */ = {
			isa = PBXNativeTarget;
			buildConfigurationList = D99A14842B357E9A00F2728B /* Build configuration list for PBXNativeTarget "NymVPN" */;
			buildPhases = (
				D99A14722B357E9900F2728B /* Sources */,
				D99A14732B357E9900F2728B /* Frameworks */,
				D99A14742B357E9900F2728B /* Resources */,
				D99A14872B359C8800F2728B /* Run Swiftlint */,
				D954C0B32B51C17200C6BAAC /* Embed Foundation Extensions */,
				D99820962BB6E73C000C1FEE /* Embed Frameworks */,
				B4B27B828CC645368A4EC7F5 /* Upload Debug Symbols to Sentry */,
			);
			buildRules = (
			);
			dependencies = (
				D9DB4D6C2BAB0F37005E8E02 /* PBXTargetDependency */,
				D954C0C02B51C1CA00C6BAAC /* PBXTargetDependency */,
			);
			name = NymVPN;
			packageProductDependencies = (
				D99A148B2B35A74200F2728B /* Theme */,
				D9F699DF2B4C1862005576A9 /* Settings */,
				D96740222B56A67A001F6891 /* Tunnels */,
				D968BDC82B6AEA9D003F42E5 /* AppSettings */,
				D968BDCA2B6BC98E003F42E5 /* AppVersionProvider */,
				D93214402B84D29200FFDC5E /* Logging */,
				D97065E02B8DD44A00C27A9B /* TunnelStatus */,
				D974C03A2BBED2460011924A /* ConnectionManager */,
				D9BD6A132BD84EF400B42D6F /* SentryManager */,
				D94866FE2BE035C300F5331B /* CredentialsManager */,
				D94867002BE035FB00F5331B /* Constants */,
				D9870CF22BE3A12800551A86 /* Home */,
				D9D483572BEBA72F0005A41C /* UIComponents */,
				D9FB33D92BECC163009C3419 /* Extensions */,
				D924A8E52C33F3D400465E84 /* ExternalLinkManager */,
				D9B7BAFB2C4866AF005AF2D6 /* NymLogger */,
				D92FBA2C2C6B6AB800D743DF /* ConfigurationManager */,
				D953CFE92C8ED73C008A942B /* NotificationsManager */,
				D9144C5A2CC1057A0021A617 /* CountriesManagerTypes */,
				D9144C602CC10A860021A617 /* CountriesManager */,
				D9144C622CC10AA20021A617 /* Migrations */,
				D96680D02CC4FC7200267FA1 /* Device */,
				D9E552B12CE9E8F6008C74F6 /* SystemMessageManager */,
				D9E552B72CE9E909008C74F6 /* ErrorHandler */,
				D9E552B92CEA5A6E008C74F6 /* SystemMessageModels */,
				D90E2A9E2D11CFA700EBEC69 /* ConnectionTypes */,
			);
			productName = NymVPN;
			productReference = D99A14762B357E9900F2728B /* NymVPN.app */;
			productType = "com.apple.product-type.application";
		};
		D9BEF2CF2BEB63310036C566 /* NymVPNDaemon */ = {
			isa = PBXNativeTarget;
			buildConfigurationList = D9BEF2DE2BEB63320036C566 /* Build configuration list for PBXNativeTarget "NymVPNDaemon" */;
			buildPhases = (
				D9BEF2CC2BEB63310036C566 /* Sources */,
				D9BEF2CD2BEB63310036C566 /* Frameworks */,
				D9BEF2CE2BEB63310036C566 /* Resources */,
				D94127BD2C00AB2E009EDB7A /* Run Swiftlint */,
				D9FB33E52BECFA64009C3419 /* Embed Helper Tool */,
			);
			buildRules = (
			);
			dependencies = (
			);
			name = NymVPNDaemon;
			packageProductDependencies = (
				D9BEF2E02BEB660D0036C566 /* GRPCManager */,
				D9BEF2E22BEB8D7E0036C566 /* Constants */,
				D9BEF2E42BEBA4010036C566 /* AppSettings */,
				D9FB33DB2BECD473009C3419 /* SentryManager */,
				D9FB33DD2BECD47E009C3419 /* Theme */,
				D91E36A82BF3AA7F00BDE84A /* HelperManager */,
				D9ABF2832BF4989B009089FA /* Shell */,
				D9CDF2DB2BF49909007E5DAF /* Home */,
				D9E6D8C82BF5FF5F009612CE /* TunnelStatus */,
				D924A8E72C33F3DA00465E84 /* ExternalLinkManager */,
				D9E9F19C2C3806BB0056EB8C /* AutoUpdater */,
				D9E9F19F2C3807A00056EB8C /* Sparkle */,
				D9FFC1F82C40F65F00A4766C /* AutoUpdates */,
				D9B7BAF72C4866A0005AF2D6 /* NymLogger */,
				D92FBA2A2C6B6AB300D743DF /* ConfigurationManager */,
				D916EE662C90F2A700FADEEF /* Migrations */,
				D9144C5C2CC1057F0021A617 /* CountriesManagerTypes */,
				D9144C5E2CC105B20021A617 /* CountriesManager */,
				D96680D22CC4FC7800267FA1 /* Device */,
				D9E552B32CE9E8FB008C74F6 /* SystemMessageManager */,
				D9E552BB2CEA5A74008C74F6 /* SystemMessageModels */,
				D9FA77C72CEBB32C003362D7 /* NotificationsManager */,
				D9A8580D2CF3A2AA0030843A /* HelperInstallManager */,
				D90E2A9C2D11CFA000EBEC69 /* ConnectionTypes */,
			);
			productName = NymVPNDaemon;
			productReference = D9BEF2D02BEB63310036C566 /* NymVPN.app */;
			productType = "com.apple.product-type.application";
		};
		D9EACBD22BC016D60094CDDF /* NymVPNUITests */ = {
			isa = PBXNativeTarget;
			buildConfigurationList = D9EACBDB2BC016D60094CDDF /* Build configuration list for PBXNativeTarget "NymVPNUITests" */;
			buildPhases = (
				D9EACBCF2BC016D60094CDDF /* Sources */,
				D9EACBD02BC016D60094CDDF /* Frameworks */,
				D9EACBD12BC016D60094CDDF /* Resources */,
			);
			buildRules = (
			);
			dependencies = (
				D9EACBDA2BC016D60094CDDF /* PBXTargetDependency */,
			);
			name = NymVPNUITests;
			packageProductDependencies = (
				D9EACBDE2BC01D790094CDDF /* SwiftyPing */,
			);
			productName = NymVPNUITests;
			productReference = D9EACBD32BC016D60094CDDF /* NymVPNUITests.xctest */;
			productType = "com.apple.product-type.bundle.ui-testing";
		};
/* End PBXNativeTarget section */

/* Begin PBXProject section */
		D99A146E2B357E9900F2728B /* Project object */ = {
			isa = PBXProject;
			attributes = {
				BuildIndependentTargetsInParallel = 1;
				LastSwiftUpdateCheck = 1530;
				LastUpgradeCheck = 1540;
				TargetAttributes = {
					D954C0B72B51C1CA00C6BAAC = {
						CreatedOnToolsVersion = 15.2;
					};
					D99A14752B357E9900F2728B = {
						CreatedOnToolsVersion = 15.1;
					};
					D9BEF2CF2BEB63310036C566 = {
						CreatedOnToolsVersion = 15.3;
					};
					D9EACBD22BC016D60094CDDF = {
						CreatedOnToolsVersion = 15.3;
						TestTargetID = D99A14752B357E9900F2728B;
					};
				};
			};
			buildConfigurationList = D99A14712B357E9900F2728B /* Build configuration list for PBXProject "NymVPN" */;
			compatibilityVersion = "Xcode 14.0";
			developmentRegion = en;
			hasScannedForEncodings = 0;
			knownRegions = (
				en,
				Base,
			);
			mainGroup = D99A146D2B357E9900F2728B;
			packageReferences = (
				D932143F2B84D29200FFDC5E /* XCRemoteSwiftPackageReference "swift-log" */,
				D9EACBCC2BBFFE420094CDDF /* XCRemoteSwiftPackageReference "SwiftyPing" */,
				D9E9F19E2C3807A00056EB8C /* XCRemoteSwiftPackageReference "Sparkle" */,
				D98B32E62C58E0A4005A15A3 /* XCRemoteSwiftPackageReference "AcknowList" */,
			);
			productRefGroup = D99A14772B357E9900F2728B /* Products */;
			projectDirPath = "";
			projectRoot = "";
			targets = (
				D99A14752B357E9900F2728B /* NymVPN */,
				D954C0B72B51C1CA00C6BAAC /* NymMixnetTunnel */,
				D9EACBD22BC016D60094CDDF /* NymVPNUITests */,
				D9BEF2CF2BEB63310036C566 /* NymVPNDaemon */,
			);
		};
/* End PBXProject section */

/* Begin PBXResourcesBuildPhase section */
		D954C0B62B51C1CA00C6BAAC /* Resources */ = {
			isa = PBXResourcesBuildPhase;
			buildActionMask = 2147483647;
			files = (
			);
			runOnlyForDeploymentPostprocessing = 0;
		};
		D99A14742B357E9900F2728B /* Resources */ = {
			isa = PBXResourcesBuildPhase;
			buildActionMask = 2147483647;
			files = (
				D9879AF72CFE166400CF1B5D /* LaunchScreen.storyboard in Resources */,
				D96B94E02C2AB62D00E98B15 /* gatewaysExitCountries.json in Resources */,
				D9DE893E2CFE54CD006C4071 /* launchLogo@3x.png in Resources */,
				D9DE893F2CFE54CD006C4071 /* launchLogo.png in Resources */,
				D9DE89402CFE54CD006C4071 /* launchLogo@2x.png in Resources */,
				D96B94DE2C2AB62D00E98B15 /* gatewaysEntryCountries.json in Resources */,
				D9264E262B3DA062004594A8 /* Assets.xcassets in Resources */,
				D9F236232C64E64E00CCC433 /* LibLicences.json in Resources */,
				D9F75F4F2CA409320005AC82 /* vpnCountries.json in Resources */,
			);
			runOnlyForDeploymentPostprocessing = 0;
		};
		D9BEF2CE2BEB63310036C566 /* Resources */ = {
			isa = PBXResourcesBuildPhase;
			buildActionMask = 2147483647;
			files = (
				D9BEF2DA2BEB63320036C566 /* Preview Assets.xcassets in Resources */,
				D98B32F22C58F682005A15A3 /* Package.resolved in Resources */,
				D9DE89412CFE54CD006C4071 /* launchLogo@3x.png in Resources */,
				D9DE89422CFE54CD006C4071 /* launchLogo.png in Resources */,
				D9DE89432CFE54CD006C4071 /* launchLogo@2x.png in Resources */,
				D96B94E12C2AB62D00E98B15 /* gatewaysExitCountries.json in Resources */,
				D96B94DF2C2AB62D00E98B15 /* gatewaysEntryCountries.json in Resources */,
				D9BEF2D72BEB63320036C566 /* Assets.xcassets in Resources */,
				D9F236252C650A9200CCC433 /* LibLicences.json in Resources */,
				D9F75F4E2CA409320005AC82 /* vpnCountries.json in Resources */,
			);
			runOnlyForDeploymentPostprocessing = 0;
		};
		D9EACBD12BC016D60094CDDF /* Resources */ = {
			isa = PBXResourcesBuildPhase;
			buildActionMask = 2147483647;
			files = (
			);
			runOnlyForDeploymentPostprocessing = 0;
		};
/* End PBXResourcesBuildPhase section */

/* Begin PBXShellScriptBuildPhase section */
		B4B27B828CC645368A4EC7F5 /* Upload Debug Symbols to Sentry */ = {
			isa = PBXShellScriptBuildPhase;
			buildActionMask = 2147483647;
			files = (
			);
			inputPaths = (
				"${DWARF_DSYM_FOLDER_PATH}/${DWARF_DSYM_FILE_NAME}/Contents/Resources/DWARF/${TARGET_NAME}",
			);
			name = "Upload Debug Symbols to Sentry";
			outputPaths = (
			);
			runOnlyForDeploymentPostprocessing = 0;
			shellPath = /bin/sh;
			shellScript = "# This script is responsable to upload debug symbols and source context for Sentry.\n# if which sentry-cli >/dev/null; then\n# export SENTRY_ORG=nymtech\n# export SENTRY_PROJECT=nym-vpn-ios\n# ERROR=$(sentry-cli debug-files upload --include-sources \"$DWARF_DSYM_FOLDER_PATH\" 2>&1 >/dev/null)\n# if [ ! $? -eq 0 ]; then\n#    echo \"warning: sentry-cli - $ERROR\"\n# fi\n# else\n#    echo \"warning: sentry-cli not installed, download from https://github.com/getsentry/sentry-cli/releases\"\n# fi\n";
		};
		D94127BD2C00AB2E009EDB7A /* Run Swiftlint */ = {
			isa = PBXShellScriptBuildPhase;
			buildActionMask = 2147483647;
			files = (
			);
			inputFileListPaths = (
			);
			inputPaths = (
			);
			name = "Run Swiftlint";
			outputFileListPaths = (
			);
			outputPaths = (
			);
			runOnlyForDeploymentPostprocessing = 0;
			shellPath = /bin/sh;
			shellScript = "if [[ \"$(uname -m)\" == arm64 ]]; then\n    export PATH=\"/opt/homebrew/bin:$PATH\"\nfi\n\nif which swiftlint > /dev/null; then\n  swiftlint lint --no-cache\nelse\n  echo \"warning: SwiftLint not installed, download from https://github.com/realm/SwiftLint\"\nfi\n";
		};
		D99A14872B359C8800F2728B /* Run Swiftlint */ = {
			isa = PBXShellScriptBuildPhase;
			alwaysOutOfDate = 1;
			buildActionMask = 2147483647;
			files = (
			);
			inputFileListPaths = (
			);
			inputPaths = (
			);
			name = "Run Swiftlint";
			outputFileListPaths = (
			);
			outputPaths = (
			);
			runOnlyForDeploymentPostprocessing = 0;
			shellPath = /bin/sh;
			shellScript = "if [[ \"$(uname -m)\" == arm64 ]]; then\n    export PATH=\"/opt/homebrew/bin:$PATH\"\nfi\n\nif which swiftlint > /dev/null; then\n  swiftlint lint --no-cache\nelse\n  echo \"warning: SwiftLint not installed, download from https://github.com/realm/SwiftLint\"\nfi\n";
		};
/* End PBXShellScriptBuildPhase section */

/* Begin PBXSourcesBuildPhase section */
		D954C0B42B51C1CA00C6BAAC /* Sources */ = {
			isa = PBXSourcesBuildPhase;
			buildActionMask = 2147483647;
			files = (
				D9188A9E2CE12C5F0031E141 /* TunnelActor.swift in Sources */,
				D925D5322CCFBEAF00C8286E /* PacketTunnelProvider+TunnelStatusListener.swift in Sources */,
				5879C2062C80A37200BAB142 /* TunnelSettingsConversions.swift in Sources */,
				D954C0BC2B51C1CA00C6BAAC /* PacketTunnelProvider.swift in Sources */,
			);
			runOnlyForDeploymentPostprocessing = 0;
		};
		D99A14722B357E9900F2728B /* Sources */ = {
			isa = PBXSourcesBuildPhase;
			buildActionMask = 2147483647;
			files = (
				D99A147A2B357E9900F2728B /* NymVPNApp.swift in Sources */,
			);
			runOnlyForDeploymentPostprocessing = 0;
		};
		D9BEF2CC2BEB63310036C566 /* Sources */ = {
			isa = PBXSourcesBuildPhase;
			buildActionMask = 2147483647;
			files = (
				D9BEF2D32BEB63310036C566 /* NymVPNDaemonApp.swift in Sources */,
			);
			runOnlyForDeploymentPostprocessing = 0;
		};
		D9EACBCF2BC016D60094CDDF /* Sources */ = {
			isa = PBXSourcesBuildPhase;
			buildActionMask = 2147483647;
			files = (
				D9EACBD62BC016D60094CDDF /* NymVPNUITests.swift in Sources */,
			);
			runOnlyForDeploymentPostprocessing = 0;
		};
/* End PBXSourcesBuildPhase section */

/* Begin PBXTargetDependency section */
		D954C0C02B51C1CA00C6BAAC /* PBXTargetDependency */ = {
			isa = PBXTargetDependency;
			target = D954C0B72B51C1CA00C6BAAC /* NymMixnetTunnel */;
			targetProxy = D954C0BF2B51C1CA00C6BAAC /* PBXContainerItemProxy */;
		};
		D9DB4D6C2BAB0F37005E8E02 /* PBXTargetDependency */ = {
			isa = PBXTargetDependency;
			targetProxy = D9DB4D6B2BAB0F37005E8E02 /* PBXContainerItemProxy */;
		};
		D9EACBDA2BC016D60094CDDF /* PBXTargetDependency */ = {
			isa = PBXTargetDependency;
			target = D99A14752B357E9900F2728B /* NymVPN */;
			targetProxy = D9EACBD92BC016D60094CDDF /* PBXContainerItemProxy */;
		};
/* End PBXTargetDependency section */

/* Begin XCBuildConfiguration section */
		D954C0C32B51C1CA00C6BAAC /* Debug */ = {
			isa = XCBuildConfiguration;
			buildSettings = {
				CODE_SIGN_ENTITLEMENTS = NymMixnetTunnel/NymMixnetTunnel.entitlements;
				CODE_SIGN_IDENTITY = "Apple Development";
				CODE_SIGN_STYLE = Automatic;
				CURRENT_PROJECT_VERSION = 337;
				DEVELOPMENT_TEAM = VW5DZLFHM5;
				ENABLE_USER_SCRIPT_SANDBOXING = YES;
				GENERATE_INFOPLIST_FILE = NO;
				INFOPLIST_FILE = NymMixnetTunnel/Info.plist;
				INFOPLIST_KEY_CFBundleDisplayName = NymMixnetTunnel;
				INFOPLIST_KEY_NSHumanReadableCopyright = "";
				IPHONEOS_DEPLOYMENT_TARGET = 16.0;
				LD_RUNPATH_SEARCH_PATHS = (
					"$(inherited)",
					"@executable_path/Frameworks",
					"@executable_path/../../Frameworks",
				);
				LIBRARY_SEARCH_PATHS = "$(inherited)";
				MARKETING_VERSION = 1.7.0;
				PRODUCT_BUNDLE_IDENTIFIER = "net.nymtech.vpn.network-extension";
				PRODUCT_NAME = "$(TARGET_NAME)";
				PROVISIONING_PROFILE_SPECIFIER = "";
				SKIP_INSTALL = YES;
				SUPPORTED_PLATFORMS = "iphoneos iphonesimulator";
				SUPPORTS_MACCATALYST = YES;
				SUPPORTS_MAC_DESIGNED_FOR_IPHONE_IPAD = NO;
				SUPPORTS_XR_DESIGNED_FOR_IPHONE_IPAD = NO;
				SWIFT_EMIT_LOC_STRINGS = YES;
				SWIFT_OBJC_BRIDGING_HEADER = "";
				SWIFT_VERSION = 5.0;
				TARGETED_DEVICE_FAMILY = "1,2";
			};
			name = Debug;
		};
		D954C0C42B51C1CA00C6BAAC /* Release */ = {
			isa = XCBuildConfiguration;
			buildSettings = {
				CODE_SIGN_ENTITLEMENTS = NymMixnetTunnel/NymMixnetTunnel.entitlements;
				CODE_SIGN_IDENTITY = "Apple Development";
				CODE_SIGN_STYLE = Automatic;
				CURRENT_PROJECT_VERSION = 337;
				DEVELOPMENT_TEAM = VW5DZLFHM5;
				ENABLE_USER_SCRIPT_SANDBOXING = YES;
				GENERATE_INFOPLIST_FILE = NO;
				INFOPLIST_FILE = NymMixnetTunnel/Info.plist;
				INFOPLIST_KEY_CFBundleDisplayName = NymMixnetTunnel;
				INFOPLIST_KEY_NSHumanReadableCopyright = "";
				IPHONEOS_DEPLOYMENT_TARGET = 16.0;
				LD_RUNPATH_SEARCH_PATHS = (
					"$(inherited)",
					"@executable_path/Frameworks",
					"@executable_path/../../Frameworks",
				);
				LIBRARY_SEARCH_PATHS = "$(inherited)";
				MARKETING_VERSION = 1.7.0;
				PRODUCT_BUNDLE_IDENTIFIER = "net.nymtech.vpn.network-extension";
				PRODUCT_NAME = "$(TARGET_NAME)";
				PROVISIONING_PROFILE_SPECIFIER = "";
				SKIP_INSTALL = YES;
				SUPPORTED_PLATFORMS = "iphoneos iphonesimulator";
				SUPPORTS_MACCATALYST = YES;
				SUPPORTS_MAC_DESIGNED_FOR_IPHONE_IPAD = NO;
				SUPPORTS_XR_DESIGNED_FOR_IPHONE_IPAD = NO;
				SWIFT_EMIT_LOC_STRINGS = YES;
				SWIFT_OBJC_BRIDGING_HEADER = "";
				SWIFT_VERSION = 5.0;
				TARGETED_DEVICE_FAMILY = "1,2";
			};
			name = Release;
		};
		D99A14822B357E9A00F2728B /* Debug */ = {
			isa = XCBuildConfiguration;
			buildSettings = {
				ALWAYS_SEARCH_USER_PATHS = NO;
				ASSETCATALOG_COMPILER_GENERATE_SWIFT_ASSET_SYMBOL_EXTENSIONS = YES;
				CLANG_ANALYZER_NONNULL = YES;
				CLANG_ANALYZER_NUMBER_OBJECT_CONVERSION = YES_AGGRESSIVE;
				CLANG_CXX_LANGUAGE_STANDARD = "gnu++20";
				CLANG_ENABLE_MODULES = YES;
				CLANG_ENABLE_OBJC_ARC = YES;
				CLANG_ENABLE_OBJC_WEAK = YES;
				CLANG_WARN_BLOCK_CAPTURE_AUTORELEASING = YES;
				CLANG_WARN_BOOL_CONVERSION = YES;
				CLANG_WARN_COMMA = YES;
				CLANG_WARN_CONSTANT_CONVERSION = YES;
				CLANG_WARN_DEPRECATED_OBJC_IMPLEMENTATIONS = YES;
				CLANG_WARN_DIRECT_OBJC_ISA_USAGE = YES_ERROR;
				CLANG_WARN_DOCUMENTATION_COMMENTS = YES;
				CLANG_WARN_EMPTY_BODY = YES;
				CLANG_WARN_ENUM_CONVERSION = YES;
				CLANG_WARN_INFINITE_RECURSION = YES;
				CLANG_WARN_INT_CONVERSION = YES;
				CLANG_WARN_NON_LITERAL_NULL_CONVERSION = YES;
				CLANG_WARN_OBJC_IMPLICIT_RETAIN_SELF = YES;
				CLANG_WARN_OBJC_LITERAL_CONVERSION = YES;
				CLANG_WARN_OBJC_ROOT_CLASS = YES_ERROR;
				CLANG_WARN_QUOTED_INCLUDE_IN_FRAMEWORK_HEADER = YES;
				CLANG_WARN_RANGE_LOOP_ANALYSIS = YES;
				CLANG_WARN_STRICT_PROTOTYPES = YES;
				CLANG_WARN_SUSPICIOUS_MOVE = YES;
				CLANG_WARN_UNGUARDED_AVAILABILITY = YES_AGGRESSIVE;
				CLANG_WARN_UNREACHABLE_CODE = YES;
				CLANG_WARN__DUPLICATE_METHOD_MATCH = YES;
				COPY_PHASE_STRIP = NO;
				DEBUG_INFORMATION_FORMAT = dwarf;
				ENABLE_STRICT_OBJC_MSGSEND = YES;
				ENABLE_TESTABILITY = YES;
				ENABLE_USER_SCRIPT_SANDBOXING = NO;
				GCC_C_LANGUAGE_STANDARD = gnu17;
				GCC_DYNAMIC_NO_PIC = NO;
				GCC_NO_COMMON_BLOCKS = YES;
				GCC_OPTIMIZATION_LEVEL = 0;
				GCC_PREPROCESSOR_DEFINITIONS = (
					"DEBUG=1",
					"$(inherited)",
				);
				GCC_WARN_64_TO_32_BIT_CONVERSION = YES;
				GCC_WARN_ABOUT_RETURN_TYPE = YES_ERROR;
				GCC_WARN_UNDECLARED_SELECTOR = YES;
				GCC_WARN_UNINITIALIZED_AUTOS = YES_AGGRESSIVE;
				GCC_WARN_UNUSED_FUNCTION = YES;
				GCC_WARN_UNUSED_VARIABLE = YES;
				IPHONEOS_DEPLOYMENT_TARGET = 16.0;
				LOCALIZATION_PREFERS_STRING_CATALOGS = YES;
				MTL_ENABLE_DEBUG_INFO = INCLUDE_SOURCE;
				MTL_FAST_MATH = YES;
				ONLY_ACTIVE_ARCH = YES;
				SDKROOT = iphoneos;
				SWIFT_ACTIVE_COMPILATION_CONDITIONS = "DEBUG $(inherited)";
				SWIFT_OPTIMIZATION_LEVEL = "-Onone";
			};
			name = Debug;
		};
		D99A14832B357E9A00F2728B /* Release */ = {
			isa = XCBuildConfiguration;
			buildSettings = {
				ALWAYS_SEARCH_USER_PATHS = NO;
				ASSETCATALOG_COMPILER_GENERATE_SWIFT_ASSET_SYMBOL_EXTENSIONS = YES;
				CLANG_ANALYZER_NONNULL = YES;
				CLANG_ANALYZER_NUMBER_OBJECT_CONVERSION = YES_AGGRESSIVE;
				CLANG_CXX_LANGUAGE_STANDARD = "gnu++20";
				CLANG_ENABLE_MODULES = YES;
				CLANG_ENABLE_OBJC_ARC = YES;
				CLANG_ENABLE_OBJC_WEAK = YES;
				CLANG_WARN_BLOCK_CAPTURE_AUTORELEASING = YES;
				CLANG_WARN_BOOL_CONVERSION = YES;
				CLANG_WARN_COMMA = YES;
				CLANG_WARN_CONSTANT_CONVERSION = YES;
				CLANG_WARN_DEPRECATED_OBJC_IMPLEMENTATIONS = YES;
				CLANG_WARN_DIRECT_OBJC_ISA_USAGE = YES_ERROR;
				CLANG_WARN_DOCUMENTATION_COMMENTS = YES;
				CLANG_WARN_EMPTY_BODY = YES;
				CLANG_WARN_ENUM_CONVERSION = YES;
				CLANG_WARN_INFINITE_RECURSION = YES;
				CLANG_WARN_INT_CONVERSION = YES;
				CLANG_WARN_NON_LITERAL_NULL_CONVERSION = YES;
				CLANG_WARN_OBJC_IMPLICIT_RETAIN_SELF = YES;
				CLANG_WARN_OBJC_LITERAL_CONVERSION = YES;
				CLANG_WARN_OBJC_ROOT_CLASS = YES_ERROR;
				CLANG_WARN_QUOTED_INCLUDE_IN_FRAMEWORK_HEADER = YES;
				CLANG_WARN_RANGE_LOOP_ANALYSIS = YES;
				CLANG_WARN_STRICT_PROTOTYPES = YES;
				CLANG_WARN_SUSPICIOUS_MOVE = YES;
				CLANG_WARN_UNGUARDED_AVAILABILITY = YES_AGGRESSIVE;
				CLANG_WARN_UNREACHABLE_CODE = YES;
				CLANG_WARN__DUPLICATE_METHOD_MATCH = YES;
				COPY_PHASE_STRIP = NO;
				DEBUG_INFORMATION_FORMAT = "dwarf-with-dsym";
				ENABLE_NS_ASSERTIONS = NO;
				ENABLE_STRICT_OBJC_MSGSEND = YES;
				ENABLE_USER_SCRIPT_SANDBOXING = NO;
				GCC_C_LANGUAGE_STANDARD = gnu17;
				GCC_NO_COMMON_BLOCKS = YES;
				GCC_WARN_64_TO_32_BIT_CONVERSION = YES;
				GCC_WARN_ABOUT_RETURN_TYPE = YES_ERROR;
				GCC_WARN_UNDECLARED_SELECTOR = YES;
				GCC_WARN_UNINITIALIZED_AUTOS = YES_AGGRESSIVE;
				GCC_WARN_UNUSED_FUNCTION = YES;
				GCC_WARN_UNUSED_VARIABLE = YES;
				IPHONEOS_DEPLOYMENT_TARGET = 16.0;
				LOCALIZATION_PREFERS_STRING_CATALOGS = YES;
				MTL_ENABLE_DEBUG_INFO = NO;
				MTL_FAST_MATH = YES;
				SDKROOT = iphoneos;
				SWIFT_COMPILATION_MODE = wholemodule;
				VALIDATE_PRODUCT = YES;
			};
			name = Release;
		};
		D99A14852B357E9A00F2728B /* Debug */ = {
			isa = XCBuildConfiguration;
			buildSettings = {
				ALWAYS_EMBED_SWIFT_STANDARD_LIBRARIES = YES;
				ASSETCATALOG_COMPILER_APPICON_NAME = AppIcon;
				ASSETCATALOG_COMPILER_GLOBAL_ACCENT_COLOR_NAME = AccentColor;
				ASSETCATALOG_COMPILER_INCLUDE_ALL_APPICON_ASSETS = YES;
				CODE_SIGN_ENTITLEMENTS = NymVPN/NymVPN.entitlements;
				CODE_SIGN_IDENTITY = "Apple Development";
				CODE_SIGN_STYLE = Automatic;
				CURRENT_PROJECT_VERSION = 337;
				DEBUG_INFORMATION_FORMAT = "dwarf-with-dsym";
				DEVELOPMENT_TEAM = VW5DZLFHM5;
				ENABLE_PREVIEWS = YES;
				GENERATE_INFOPLIST_FILE = NO;
				INFOPLIST_FILE = "$(PROJECT_DIR)/NymVPN/Resources/Info.plist";
				IPHONEOS_DEPLOYMENT_TARGET = 16.0;
				LD_RUNPATH_SEARCH_PATHS = (
					"$(inherited)",
					"@executable_path/Frameworks",
				);
				LIBRARY_SEARCH_PATHS = (
					"$(inherited)",
					"$(PROJECT_DIR)",
				);
				MARKETING_VERSION = 1.7.0;
				PRODUCT_BUNDLE_IDENTIFIER = net.nymtech.vpn;
				PRODUCT_NAME = "$(TARGET_NAME)";
				PROVISIONING_PROFILE_SPECIFIER = "";
				SUPPORTED_PLATFORMS = "iphoneos iphonesimulator";
				SUPPORTS_MACCATALYST = NO;
				SUPPORTS_MAC_DESIGNED_FOR_IPHONE_IPAD = NO;
				SUPPORTS_XR_DESIGNED_FOR_IPHONE_IPAD = NO;
				SWIFT_EMIT_LOC_STRINGS = YES;
				SWIFT_OBJC_BRIDGING_HEADER = "";
				SWIFT_VERSION = 5.0;
				TARGETED_DEVICE_FAMILY = "1,2";
			};
			name = Debug;
		};
		D99A14862B357E9A00F2728B /* Release */ = {
			isa = XCBuildConfiguration;
			buildSettings = {
				ALWAYS_EMBED_SWIFT_STANDARD_LIBRARIES = YES;
				ASSETCATALOG_COMPILER_APPICON_NAME = AppIcon;
				ASSETCATALOG_COMPILER_GLOBAL_ACCENT_COLOR_NAME = AccentColor;
				ASSETCATALOG_COMPILER_INCLUDE_ALL_APPICON_ASSETS = YES;
				CODE_SIGN_ENTITLEMENTS = NymVPN/NymVPN.entitlements;
				CODE_SIGN_IDENTITY = "Apple Development";
				CODE_SIGN_STYLE = Automatic;
				CURRENT_PROJECT_VERSION = 337;
				DEBUG_INFORMATION_FORMAT = "dwarf-with-dsym";
				DEVELOPMENT_TEAM = VW5DZLFHM5;
				ENABLE_PREVIEWS = YES;
				GENERATE_INFOPLIST_FILE = NO;
				INFOPLIST_FILE = "$(PROJECT_DIR)/NymVPN/Resources/Info.plist";
				IPHONEOS_DEPLOYMENT_TARGET = 16.0;
				LD_RUNPATH_SEARCH_PATHS = (
					"$(inherited)",
					"@executable_path/Frameworks",
				);
				LIBRARY_SEARCH_PATHS = (
					"$(inherited)",
					"$(PROJECT_DIR)",
				);
				MARKETING_VERSION = 1.7.0;
				PRODUCT_BUNDLE_IDENTIFIER = net.nymtech.vpn;
				PRODUCT_NAME = "$(TARGET_NAME)";
				PROVISIONING_PROFILE_SPECIFIER = "";
				SUPPORTED_PLATFORMS = "iphoneos iphonesimulator";
				SUPPORTS_MACCATALYST = NO;
				SUPPORTS_MAC_DESIGNED_FOR_IPHONE_IPAD = NO;
				SUPPORTS_XR_DESIGNED_FOR_IPHONE_IPAD = NO;
				SWIFT_EMIT_LOC_STRINGS = YES;
				SWIFT_OBJC_BRIDGING_HEADER = "";
				SWIFT_VERSION = 5.0;
				TARGETED_DEVICE_FAMILY = "1,2";
			};
			name = Release;
		};
		D9BEF2DC2BEB63320036C566 /* Debug */ = {
			isa = XCBuildConfiguration;
			buildSettings = {
				ASSETCATALOG_COMPILER_APPICON_NAME = AppIcon;
				ASSETCATALOG_COMPILER_GLOBAL_ACCENT_COLOR_NAME = AccentColor;
				CODE_SIGN_ENTITLEMENTS = NymVPNDaemon/Resources/NymVPNDaemon.entitlements;
				CODE_SIGN_IDENTITY = "Developer ID Application";
				CODE_SIGN_STYLE = Manual;
				COMBINE_HIDPI_IMAGES = YES;
				CURRENT_PROJECT_VERSION = 49;
				DEAD_CODE_STRIPPING = YES;
				DEVELOPMENT_ASSET_PATHS = "\"NymVPNDaemon/Preview Content\"";
				DEVELOPMENT_TEAM = VW5DZLFHM5;
				ENABLE_HARDENED_RUNTIME = YES;
				ENABLE_PREVIEWS = YES;
				ENABLE_USER_SCRIPT_SANDBOXING = NO;
				GENERATE_INFOPLIST_FILE = NO;
				INFOPLIST_FILE = "$(PROJECT_DIR)/NymVPNDaemon/Resources/Info.plist";
				INFOPLIST_KEY_CFBundleDisplayName = NymVPN;
				INFOPLIST_KEY_NSHumanReadableCopyright = "";
				IS_CI_BUILD = true;
				LD_RUNPATH_SEARCH_PATHS = (
					"$(inherited)",
					"@executable_path/../Frameworks",
				);
				MACOSX_DEPLOYMENT_TARGET = 13.0;
				MARKETING_VERSION = 1.7.0;
				PRODUCT_BUNDLE_IDENTIFIER = net.nymtech.vpn;
				PRODUCT_NAME = NymVPN;
				PROVISIONING_PROFILE_SPECIFIER = "";
				SDKROOT = macosx;
				SWIFT_EMIT_LOC_STRINGS = YES;
				SWIFT_VERSION = 5.0;
			};
			name = Debug;
		};
		D9BEF2DD2BEB63320036C566 /* Release */ = {
			isa = XCBuildConfiguration;
			buildSettings = {
				ASSETCATALOG_COMPILER_APPICON_NAME = AppIcon;
				ASSETCATALOG_COMPILER_GLOBAL_ACCENT_COLOR_NAME = AccentColor;
				CODE_SIGN_ENTITLEMENTS = NymVPNDaemon/Resources/NymVPNDaemon.entitlements;
				CODE_SIGN_IDENTITY = "Developer ID Application";
				"CODE_SIGN_IDENTITY[sdk=macosx*]" = "Developer ID Application";
				CODE_SIGN_STYLE = Manual;
				COMBINE_HIDPI_IMAGES = YES;
				CURRENT_PROJECT_VERSION = 49;
				DEAD_CODE_STRIPPING = YES;
				DEVELOPMENT_ASSET_PATHS = "\"NymVPNDaemon/Preview Content\"";
				DEVELOPMENT_TEAM = "";
				"DEVELOPMENT_TEAM[sdk=macosx*]" = VW5DZLFHM5;
				ENABLE_HARDENED_RUNTIME = YES;
				ENABLE_PREVIEWS = YES;
				ENABLE_USER_SCRIPT_SANDBOXING = NO;
				GENERATE_INFOPLIST_FILE = NO;
				INFOPLIST_FILE = "$(PROJECT_DIR)/NymVPNDaemon/Resources/Info.plist";
				INFOPLIST_KEY_CFBundleDisplayName = NymVPN;
				INFOPLIST_KEY_NSHumanReadableCopyright = "";
				IS_CI_BUILD = "";
				LD_RUNPATH_SEARCH_PATHS = (
					"$(inherited)",
					"@executable_path/../Frameworks",
				);
				MACOSX_DEPLOYMENT_TARGET = 13.0;
				MARKETING_VERSION = 1.7.0;
				PRODUCT_BUNDLE_IDENTIFIER = net.nymtech.vpn;
				PRODUCT_NAME = NymVPN;
				PROVISIONING_PROFILE_SPECIFIER = "";
				"PROVISIONING_PROFILE_SPECIFIER[sdk=macosx*]" = "NymVPN macOS + Daemon";
				SDKROOT = macosx;
				SWIFT_EMIT_LOC_STRINGS = YES;
				SWIFT_VERSION = 5.0;
			};
			name = Release;
		};
		D9EACBDC2BC016D60094CDDF /* Debug */ = {
			isa = XCBuildConfiguration;
			buildSettings = {
				CODE_SIGN_STYLE = Automatic;
				CURRENT_PROJECT_VERSION = 1;
				DEVELOPMENT_TEAM = VW5DZLFHM5;
				ENABLE_USER_SCRIPT_SANDBOXING = YES;
				GENERATE_INFOPLIST_FILE = YES;
				IPHONEOS_DEPLOYMENT_TARGET = 17.4;
				MARKETING_VERSION = 1.0;
				PRODUCT_BUNDLE_IDENTIFIER = net.nymtech.vpn.NymVPNUITests;
				PRODUCT_NAME = "$(TARGET_NAME)";
				SWIFT_EMIT_LOC_STRINGS = NO;
				SWIFT_VERSION = 5.0;
				TARGETED_DEVICE_FAMILY = "1,2";
				TEST_TARGET_NAME = NymVPN;
			};
			name = Debug;
		};
		D9EACBDD2BC016D60094CDDF /* Release */ = {
			isa = XCBuildConfiguration;
			buildSettings = {
				CODE_SIGN_STYLE = Automatic;
				CURRENT_PROJECT_VERSION = 1;
				DEVELOPMENT_TEAM = VW5DZLFHM5;
				ENABLE_USER_SCRIPT_SANDBOXING = YES;
				GENERATE_INFOPLIST_FILE = YES;
				IPHONEOS_DEPLOYMENT_TARGET = 17.4;
				MARKETING_VERSION = 1.0;
				PRODUCT_BUNDLE_IDENTIFIER = net.nymtech.vpn.NymVPNUITests;
				PRODUCT_NAME = "$(TARGET_NAME)";
				SWIFT_EMIT_LOC_STRINGS = NO;
				SWIFT_VERSION = 5.0;
				TARGETED_DEVICE_FAMILY = "1,2";
				TEST_TARGET_NAME = NymVPN;
			};
			name = Release;
		};
/* End XCBuildConfiguration section */

/* Begin XCConfigurationList section */
		D954C0C22B51C1CA00C6BAAC /* Build configuration list for PBXNativeTarget "NymMixnetTunnel" */ = {
			isa = XCConfigurationList;
			buildConfigurations = (
				D954C0C32B51C1CA00C6BAAC /* Debug */,
				D954C0C42B51C1CA00C6BAAC /* Release */,
			);
			defaultConfigurationIsVisible = 0;
			defaultConfigurationName = Release;
		};
		D99A14712B357E9900F2728B /* Build configuration list for PBXProject "NymVPN" */ = {
			isa = XCConfigurationList;
			buildConfigurations = (
				D99A14822B357E9A00F2728B /* Debug */,
				D99A14832B357E9A00F2728B /* Release */,
			);
			defaultConfigurationIsVisible = 0;
			defaultConfigurationName = Release;
		};
		D99A14842B357E9A00F2728B /* Build configuration list for PBXNativeTarget "NymVPN" */ = {
			isa = XCConfigurationList;
			buildConfigurations = (
				D99A14852B357E9A00F2728B /* Debug */,
				D99A14862B357E9A00F2728B /* Release */,
			);
			defaultConfigurationIsVisible = 0;
			defaultConfigurationName = Release;
		};
		D9BEF2DE2BEB63320036C566 /* Build configuration list for PBXNativeTarget "NymVPNDaemon" */ = {
			isa = XCConfigurationList;
			buildConfigurations = (
				D9BEF2DC2BEB63320036C566 /* Debug */,
				D9BEF2DD2BEB63320036C566 /* Release */,
			);
			defaultConfigurationIsVisible = 0;
			defaultConfigurationName = Release;
		};
		D9EACBDB2BC016D60094CDDF /* Build configuration list for PBXNativeTarget "NymVPNUITests" */ = {
			isa = XCConfigurationList;
			buildConfigurations = (
				D9EACBDC2BC016D60094CDDF /* Debug */,
				D9EACBDD2BC016D60094CDDF /* Release */,
			);
			defaultConfigurationIsVisible = 0;
			defaultConfigurationName = Release;
		};
/* End XCConfigurationList section */

/* Begin XCRemoteSwiftPackageReference section */
		D932143F2B84D29200FFDC5E /* XCRemoteSwiftPackageReference "swift-log" */ = {
			isa = XCRemoteSwiftPackageReference;
			repositoryURL = "https://github.com/apple/swift-log";
			requirement = {
				kind = upToNextMajorVersion;
				minimumVersion = 1.5.4;
			};
		};
		D98B32E62C58E0A4005A15A3 /* XCRemoteSwiftPackageReference "AcknowList" */ = {
			isa = XCRemoteSwiftPackageReference;
			repositoryURL = "https://github.com/vtourraine/AcknowList";
			requirement = {
				kind = upToNextMajorVersion;
				minimumVersion = 3.2.0;
			};
		};
		D9E9F19E2C3807A00056EB8C /* XCRemoteSwiftPackageReference "Sparkle" */ = {
			isa = XCRemoteSwiftPackageReference;
			repositoryURL = "https://github.com/sparkle-project/Sparkle";
			requirement = {
				kind = upToNextMajorVersion;
				minimumVersion = 2.6.4;
			};
		};
		D9EACBCC2BBFFE420094CDDF /* XCRemoteSwiftPackageReference "SwiftyPing" */ = {
			isa = XCRemoteSwiftPackageReference;
			repositoryURL = "https://github.com/samiyr/SwiftyPing";
			requirement = {
				branch = master;
				kind = branch;
			};
		};
/* End XCRemoteSwiftPackageReference section */

/* Begin XCSwiftPackageProductDependency section */
		582C5F8D2C7654A800B678AE /* ConfigurationManager */ = {
			isa = XCSwiftPackageProductDependency;
			productName = ConfigurationManager;
		};
		D90E2A9C2D11CFA000EBEC69 /* ConnectionTypes */ = {
			isa = XCSwiftPackageProductDependency;
			productName = ConnectionTypes;
		};
		D90E2A9E2D11CFA700EBEC69 /* ConnectionTypes */ = {
			isa = XCSwiftPackageProductDependency;
			productName = ConnectionTypes;
		};
		D9144C5A2CC1057A0021A617 /* CountriesManagerTypes */ = {
			isa = XCSwiftPackageProductDependency;
			productName = CountriesManagerTypes;
		};
		D9144C5C2CC1057F0021A617 /* CountriesManagerTypes */ = {
			isa = XCSwiftPackageProductDependency;
			productName = CountriesManagerTypes;
		};
		D9144C5E2CC105B20021A617 /* CountriesManager */ = {
			isa = XCSwiftPackageProductDependency;
			productName = CountriesManager;
		};
		D9144C602CC10A860021A617 /* CountriesManager */ = {
			isa = XCSwiftPackageProductDependency;
			productName = CountriesManager;
		};
		D9144C622CC10AA20021A617 /* Migrations */ = {
			isa = XCSwiftPackageProductDependency;
			productName = Migrations;
		};
		D916EE662C90F2A700FADEEF /* Migrations */ = {
			isa = XCSwiftPackageProductDependency;
			productName = Migrations;
		};
		D91E36A82BF3AA7F00BDE84A /* HelperManager */ = {
			isa = XCSwiftPackageProductDependency;
			productName = HelperManager;
		};
		D924A8E52C33F3D400465E84 /* ExternalLinkManager */ = {
			isa = XCSwiftPackageProductDependency;
			productName = ExternalLinkManager;
		};
		D924A8E72C33F3DA00465E84 /* ExternalLinkManager */ = {
			isa = XCSwiftPackageProductDependency;
			productName = ExternalLinkManager;
		};
		D9281C442B877B8800834B53 /* Keychain */ = {
			isa = XCSwiftPackageProductDependency;
			productName = Keychain;
		};
		D92FBA2A2C6B6AB300D743DF /* ConfigurationManager */ = {
			isa = XCSwiftPackageProductDependency;
			productName = ConfigurationManager;
		};
		D92FBA2C2C6B6AB800D743DF /* ConfigurationManager */ = {
			isa = XCSwiftPackageProductDependency;
			productName = ConfigurationManager;
		};
		D9309AF82BC81B7600C387F4 /* TunnelMixnet */ = {
			isa = XCSwiftPackageProductDependency;
			productName = TunnelMixnet;
		};
		D93214402B84D29200FFDC5E /* Logging */ = {
			isa = XCSwiftPackageProductDependency;
			package = D932143F2B84D29200FFDC5E /* XCRemoteSwiftPackageReference "swift-log" */;
			productName = Logging;
		};
		D93214462B84EBEA00FFDC5E /* Logging */ = {
			isa = XCSwiftPackageProductDependency;
			package = D932143F2B84D29200FFDC5E /* XCRemoteSwiftPackageReference "swift-log" */;
			productName = Logging;
		};
		D94866FE2BE035C300F5331B /* CredentialsManager */ = {
			isa = XCSwiftPackageProductDependency;
			productName = CredentialsManager;
		};
		D94867002BE035FB00F5331B /* Constants */ = {
			isa = XCSwiftPackageProductDependency;
			productName = Constants;
		};
		D953CFE92C8ED73C008A942B /* NotificationsManager */ = {
			isa = XCSwiftPackageProductDependency;
			productName = NotificationsManager;
		};
		D9643C6F2CEBC90700F6B9A7 /* NotificationMessages */ = {
			isa = XCSwiftPackageProductDependency;
			productName = NotificationMessages;
		};
		D96680D02CC4FC7200267FA1 /* Device */ = {
			isa = XCSwiftPackageProductDependency;
			productName = Device;
		};
		D96680D22CC4FC7800267FA1 /* Device */ = {
			isa = XCSwiftPackageProductDependency;
			productName = Device;
		};
		D96740222B56A67A001F6891 /* Tunnels */ = {
			isa = XCSwiftPackageProductDependency;
			productName = Tunnels;
		};
		D968BDC82B6AEA9D003F42E5 /* AppSettings */ = {
			isa = XCSwiftPackageProductDependency;
			productName = AppSettings;
		};
		D968BDCA2B6BC98E003F42E5 /* AppVersionProvider */ = {
			isa = XCSwiftPackageProductDependency;
			productName = AppVersionProvider;
		};
		D97065E02B8DD44A00C27A9B /* TunnelStatus */ = {
			isa = XCSwiftPackageProductDependency;
			productName = TunnelStatus;
		};
		D974C03A2BBED2460011924A /* ConnectionManager */ = {
			isa = XCSwiftPackageProductDependency;
			productName = ConnectionManager;
		};
		D975F8032CE51097002D42C7 /* ErrorHandler */ = {
			isa = XCSwiftPackageProductDependency;
			productName = ErrorHandler;
		};
		D9870CF22BE3A12800551A86 /* Home */ = {
			isa = XCSwiftPackageProductDependency;
			productName = Home;
		};
		D99820972BB6E8D9000C1FEE /* MixnetLibrary */ = {
			isa = XCSwiftPackageProductDependency;
			productName = MixnetLibrary;
		};
		D99A148B2B35A74200F2728B /* Theme */ = {
			isa = XCSwiftPackageProductDependency;
			productName = Theme;
		};
		D9A8580D2CF3A2AA0030843A /* HelperInstallManager */ = {
			isa = XCSwiftPackageProductDependency;
			productName = HelperInstallManager;
		};
		D9ABF2832BF4989B009089FA /* Shell */ = {
			isa = XCSwiftPackageProductDependency;
			productName = Shell;
		};
		D9B7BAF72C4866A0005AF2D6 /* NymLogger */ = {
			isa = XCSwiftPackageProductDependency;
			productName = NymLogger;
		};
		D9B7BAFB2C4866AF005AF2D6 /* NymLogger */ = {
			isa = XCSwiftPackageProductDependency;
			productName = NymLogger;
		};
		D9BB53542BAC4AE500917C97 /* Tunnels */ = {
			isa = XCSwiftPackageProductDependency;
			productName = Tunnels;
		};
		D9BD6A132BD84EF400B42D6F /* SentryManager */ = {
			isa = XCSwiftPackageProductDependency;
			productName = SentryManager;
		};
		D9BEF2E02BEB660D0036C566 /* GRPCManager */ = {
			isa = XCSwiftPackageProductDependency;
			productName = GRPCManager;
		};
		D9BEF2E22BEB8D7E0036C566 /* Constants */ = {
			isa = XCSwiftPackageProductDependency;
			productName = Constants;
		};
		D9BEF2E42BEBA4010036C566 /* AppSettings */ = {
			isa = XCSwiftPackageProductDependency;
			productName = AppSettings;
		};
		D9CDF2DB2BF49909007E5DAF /* Home */ = {
			isa = XCSwiftPackageProductDependency;
			productName = Home;
		};
		D9D483572BEBA72F0005A41C /* UIComponents */ = {
			isa = XCSwiftPackageProductDependency;
			productName = UIComponents;
		};
		D9E552B12CE9E8F6008C74F6 /* SystemMessageManager */ = {
			isa = XCSwiftPackageProductDependency;
			productName = SystemMessageManager;
		};
		D9E552B32CE9E8FB008C74F6 /* SystemMessageManager */ = {
			isa = XCSwiftPackageProductDependency;
			productName = SystemMessageManager;
		};
		D9E552B72CE9E909008C74F6 /* ErrorHandler */ = {
			isa = XCSwiftPackageProductDependency;
			productName = ErrorHandler;
		};
		D9E552B92CEA5A6E008C74F6 /* SystemMessageModels */ = {
			isa = XCSwiftPackageProductDependency;
			productName = SystemMessageModels;
		};
		D9E552BB2CEA5A74008C74F6 /* SystemMessageModels */ = {
			isa = XCSwiftPackageProductDependency;
			productName = SystemMessageModels;
		};
		D9E6D8C82BF5FF5F009612CE /* TunnelStatus */ = {
			isa = XCSwiftPackageProductDependency;
			productName = TunnelStatus;
		};
		D9E9F19C2C3806BB0056EB8C /* AutoUpdater */ = {
			isa = XCSwiftPackageProductDependency;
			productName = AutoUpdater;
		};
		D9E9F19F2C3807A00056EB8C /* Sparkle */ = {
			isa = XCSwiftPackageProductDependency;
			package = D9E9F19E2C3807A00056EB8C /* XCRemoteSwiftPackageReference "Sparkle" */;
			productName = Sparkle;
		};
		D9EACBDE2BC01D790094CDDF /* SwiftyPing */ = {
			isa = XCSwiftPackageProductDependency;
			package = D9EACBCC2BBFFE420094CDDF /* XCRemoteSwiftPackageReference "SwiftyPing" */;
			productName = SwiftyPing;
		};
		D9F699DF2B4C1862005576A9 /* Settings */ = {
			isa = XCSwiftPackageProductDependency;
			productName = Settings;
		};
		D9FA77C72CEBB32C003362D7 /* NotificationsManager */ = {
			isa = XCSwiftPackageProductDependency;
			productName = NotificationsManager;
		};
		D9FB33D92BECC163009C3419 /* Extensions */ = {
			isa = XCSwiftPackageProductDependency;
			productName = Extensions;
		};
		D9FB33DB2BECD473009C3419 /* SentryManager */ = {
			isa = XCSwiftPackageProductDependency;
			productName = SentryManager;
		};
		D9FB33DD2BECD47E009C3419 /* Theme */ = {
			isa = XCSwiftPackageProductDependency;
			productName = Theme;
		};
		D9FFC1F82C40F65F00A4766C /* AutoUpdates */ = {
			isa = XCSwiftPackageProductDependency;
			productName = AutoUpdates;
		};
/* End XCSwiftPackageProductDependency section */
	};
	rootObject = D99A146E2B357E9900F2728B /* Project object */;
}
