
Microsoft Visual Studio Solution File, Format Version 12.00
# Visual Studio Version 17
VisualStudioVersion = 17.14.37012.4 d17.14
MinimumVisualStudioVersion = 10.0.40219.1
Project("{8BC9CEB8-8B4A-11D0-8D11-00A0C91BC942}") = "nymvpn-split-tunnel", "nymvpn-split-tunnel.vcxproj", "{FF15BA79-8905-1A6E-10DB-64D050C75C49}"
EndProject
Global
	GlobalSection(SolutionConfigurationPlatforms) = preSolution
		Debug|ARM64 = Debug|ARM64
		Debug|x64 = Debug|x64
		Release|ARM64 = Release|ARM64
		Release|x64 = Release|x64
	EndGlobalSection
	GlobalSection(ProjectConfigurationPlatforms) = postSolution
		{FF15BA79-8905-1A6E-10DB-64D050C75C49}.Debug|ARM64.ActiveCfg = Debug|ARM64
		{FF15BA79-8905-1A6E-10DB-64D050C75C49}.Debug|ARM64.Build.0 = Debug|ARM64
		{FF15BA79-8905-1A6E-10DB-64D050C75C49}.Debug|ARM64.Deploy.0 = Debug|ARM64
		{FF15BA79-8905-1A6E-10DB-64D050C75C49}.Debug|x64.ActiveCfg = Debug|x64
		{FF15BA79-8905-1A6E-10DB-64D050C75C49}.Debug|x64.Build.0 = Debug|x64
		{FF15BA79-8905-1A6E-10DB-64D050C75C49}.Debug|x64.Deploy.0 = Debug|x64
		{FF15BA79-8905-1A6E-10DB-64D050C75C49}.Release|ARM64.ActiveCfg = Release|ARM64
		{FF15BA79-8905-1A6E-10DB-64D050C75C49}.Release|ARM64.Build.0 = Release|ARM64
		{FF15BA79-8905-1A6E-10DB-64D050C75C49}.Release|ARM64.Deploy.0 = Release|ARM64
		{FF15BA79-8905-1A6E-10DB-64D050C75C49}.Release|x64.ActiveCfg = Release|x64
		{FF15BA79-8905-1A6E-10DB-64D050C75C49}.Release|x64.Build.0 = Release|x64
		{FF15BA79-8905-1A6E-10DB-64D050C75C49}.Release|x64.Deploy.0 = Release|x64
	EndGlobalSection
	GlobalSection(SolutionProperties) = preSolution
		HideSolutionNode = FALSE
	EndGlobalSection
	GlobalSection(ExtensibilityGlobals) = postSolution
		SolutionGuid = {B18589C4-C1F5-4CB1-B40C-1D2D36CE9A9C}
	EndGlobalSection
EndGlobal
